{
  "version": 4,
  "terraform_version": "1.5.7",
  "serial": 46,
  "lineage": "8f902119-f733-fcbe-0e18-56586d419fd6",
  "outputs": {
    "alb_dns_name": {
      "value": "coalfire-sre-challenge-alb-1627102278.us-east-1.elb.amazonaws.com",
      "type": "string"
    },
    "alb_logs_bucket_name": {
      "value": "coalfire-sre-challenge-alb-logs-50r625v8",
      "type": "string"
    },
    "alb_security_group_id": {
      "value": "sg-02108cc2dc8f3a0c5",
      "type": "string"
    },
    "alb_zone_id": {
      "value": "Z35SXDOTRQ7X7K",
      "type": "string"
    },
    "application_security_group_id": {
      "value": "sg-011c427abeb3b9874",
      "type": "string"
    },
    "application_subnet_ids": {
      "value": [
        "subnet-0f9050dbed708de98",
        "subnet-04d9ea5ca9f8e7251"
      ],
      "type": [
        "tuple",
        [
          "string",
          "string"
        ]
      ]
    },
    "autoscaling_group_id": {
      "value": "coalfire-sre-challenge-web-asg",
      "type": "string"
    },
    "backend_subnet_ids": {
      "value": [
        "subnet-01678f2688a314d3b",
        "subnet-09ee6d00fd49490fd"
      ],
      "type": [
        "tuple",
        [
          "string",
          "string"
        ]
      ]
    },
    "deployment_summary": {
      "value": {
        "autoscaling_group_id": "coalfire-sre-challenge-web-asg",
        "management_instance_ip": "3.235.100.110",
        "s3_logs_bucket": "coalfire-sre-challenge-alb-logs-50r625v8",
        "vpc_id": "vpc-0ec596dba2594f886",
        "website_url": "http://coalfire-sre-challenge-alb-1627102278.us-east-1.elb.amazonaws.com"
      },
      "type": [
        "object",
        {
          "autoscaling_group_id": "string",
          "management_instance_ip": "string",
          "s3_logs_bucket": "string",
          "vpc_id": "string",
          "website_url": "string"
        }
      ]
    },
    "management_instance_id": {
      "value": "i-070bf71c9e85ef035",
      "type": "string"
    },
    "management_instance_private_ip": {
      "value": "10.1.1.159",
      "type": "string"
    },
    "management_instance_public_ip": {
      "value": "3.235.100.110",
      "type": "string"
    },
    "management_security_group_id": {
      "value": "sg-0b3cbc071950581ea",
      "type": "string"
    },
    "management_subnet_ids": {
      "value": [
        "subnet-0a91fc1a5e5a49b8d",
        "subnet-00be8b4e7538f35c5"
      ],
      "type": [
        "tuple",
        [
          "string",
          "string"
        ]
      ]
    },
    "ssh_connection_command": {
      "value": "ssh -i ~/.ssh/coalfire-challenge-key.pem ec2-user@3.235.100.110",
      "type": "string"
    },
    "vpc_cidr_block": {
      "value": "10.1.0.0/16",
      "type": "string"
    },
    "vpc_id": {
      "value": "vpc-0ec596dba2594f886",
      "type": "string"
    },
    "website_url": {
      "value": "http://coalfire-sre-challenge-alb-1627102278.us-east-1.elb.amazonaws.com",
      "type": "string"
    }
  },
  "resources": [
    {
      "module": "module.compute",
      "mode": "data",
      "type": "aws_ami",
      "name": "amazon_linux",
      "provider": "provider[\"registry.terraform.io/hashicorp/aws\"]",
      "instances": [
        {
          "schema_version": 0,
          "attributes": {
            "architecture": "x86_64",
            "arn": "arn:aws:ec2:us-east-1::image/ami-06883c95d78ea3e7a",
            "block_device_mappings": [
              {
                "device_name": "/dev/xvda",
                "ebs": {
                  "delete_on_termination": "true",
                  "encrypted": "false",
                  "iops": "3000",
                  "snapshot_id": "snap-0743827ec1b5c7715",
                  "throughput": "125",
                  "volume_initialization_rate": "0",
                  "volume_size": "30",
                  "volume_type": "gp3"
                },
                "no_device": "",
                "virtual_name": ""
              }
            ],
            "boot_mode": "uefi-preferred",
            "creation_date": "2025-08-28T23:04:16.000Z",
            "deprecation_time": "2027-08-28T23:04:16.000Z",
            "description": "Amazon Linux AMI 2023.0.20250828 x86_64 ECS HVM EBS",
            "ena_support": true,
            "executable_users": null,
            "filter": [
              {
                "name": "name",
                "values": [
                  "al2023-ami-*-x86_64"
                ]
              },
              {
                "name": "virtualization-type",
                "values": [
                  "hvm"
                ]
              }
            ],
            "hypervisor": "xen",
            "id": "ami-06883c95d78ea3e7a",
            "image_id": "ami-06883c95d78ea3e7a",
            "image_location": "amazon/al2023-ami-ecs-neuron-hvm-2023.0.20250828-kernel-6.1-x86_64",
            "image_owner_alias": "amazon",
            "image_type": "machine",
            "imds_support": "v2.0",
            "include_deprecated": false,
            "kernel_id": "",
            "last_launched_time": "",
            "most_recent": true,
            "name": "al2023-ami-ecs-neuron-hvm-2023.0.20250828-kernel-6.1-x86_64",
            "name_regex": null,
            "owner_id": "591542846629",
            "owners": [
              "amazon"
            ],
            "platform": "",
            "platform_details": "Linux/UNIX",
            "product_codes": [],
            "public": true,
            "ramdisk_id": "",
            "root_device_name": "/dev/xvda",
            "root_device_type": "ebs",
            "root_snapshot_id": "snap-0743827ec1b5c7715",
            "sriov_net_support": "simple",
            "state": "available",
            "state_reason": {
              "code": "UNSET",
              "message": "UNSET"
            },
            "tags": {},
            "timeouts": null,
            "tpm_support": "",
            "uefi_data": null,
            "usage_operation": "RunInstances",
            "virtualization_type": "hvm"
          },
          "sensitive_attributes": []
        }
      ]
    },
    {
      "module": "module.compute",
      "mode": "managed",
      "type": "aws_autoscaling_group",
      "name": "web_servers",
      "provider": "provider[\"registry.terraform.io/hashicorp/aws\"]",
      "instances": [
        {
          "schema_version": 1,
          "attributes": {
            "arn": "arn:aws:autoscaling:us-east-1:571600832077:autoScalingGroup:602103d5-6227-44eb-8379-d4b60d6b8ae9:autoScalingGroupName/coalfire-sre-challenge-web-asg",
            "availability_zone_distribution": [
              {
                "capacity_distribution_strategy": "balanced-best-effort"
              }
            ],
            "availability_zones": [
              "us-east-1a",
              "us-east-1b"
            ],
            "capacity_rebalance": false,
            "capacity_reservation_specification": [
              {
                "capacity_reservation_preference": "default",
                "capacity_reservation_target": []
              }
            ],
            "context": "",
            "default_cooldown": 300,
            "default_instance_warmup": 0,
            "desired_capacity": 2,
            "desired_capacity_type": "",
            "enabled_metrics": [],
            "force_delete": false,
            "force_delete_warm_pool": false,
            "health_check_grace_period": 300,
            "health_check_type": "ELB",
            "id": "coalfire-sre-challenge-web-asg",
            "ignore_failed_scaling_activities": false,
            "initial_lifecycle_hook": [],
            "instance_maintenance_policy": [],
            "instance_refresh": [
              {
                "preferences": [
                  {
                    "alarm_specification": [],
                    "auto_rollback": false,
                    "checkpoint_delay": "",
                    "checkpoint_percentages": [],
                    "instance_warmup": "",
                    "max_healthy_percentage": 100,
                    "min_healthy_percentage": 50,
                    "scale_in_protected_instances": "Ignore",
                    "skip_matching": false,
                    "standby_instances": "Ignore"
                  }
                ],
                "strategy": "Rolling",
                "triggers": []
              }
            ],
            "launch_configuration": "",
            "launch_template": [
              {
                "id": "lt-06f6ccd90afe5d6e9",
                "name": "coalfire-sre-challenge-web-20250909145455460900000009",
                "version": "$Latest"
              }
            ],
            "load_balancers": [],
            "max_instance_lifetime": 0,
            "max_size": 6,
            "metrics_granularity": "1Minute",
            "min_elb_capacity": null,
            "min_size": 2,
            "mixed_instances_policy": [],
            "name": "coalfire-sre-challenge-web-asg",
            "name_prefix": "",
            "placement_group": "",
            "predicted_capacity": 0,
            "protect_from_scale_in": false,
            "service_linked_role_arn": "arn:aws:iam::571600832077:role/aws-service-role/autoscaling.amazonaws.com/AWSServiceRoleForAutoScaling",
            "suspended_processes": [],
            "tag": [
              {
                "key": "Environment",
                "propagate_at_launch": true,
                "value": "dev"
              },
              {
                "key": "ManagedBy",
                "propagate_at_launch": true,
                "value": "terraform"
              },
              {
                "key": "Name",
                "propagate_at_launch": false,
                "value": "coalfire-sre-challenge-web-asg"
              },
              {
                "key": "Owner",
                "propagate_at_launch": true,
                "value": "sre-team"
              },
              {
                "key": "Project",
                "propagate_at_launch": true,
                "value": "coalfire-sre-challenge"
              },
              {
                "key": "Purpose",
                "propagate_at_launch": true,
                "value": "technical-challenge"
              }
            ],
            "target_group_arns": [
              "arn:aws:elasticloadbalancing:us-east-1:571600832077:targetgroup/coalfire-sre-challenge-app-tg/a3270f14a19a3826"
            ],
            "termination_policies": [],
            "timeouts": null,
            "traffic_source": [
              {
                "identifier": "arn:aws:elasticloadbalancing:us-east-1:571600832077:targetgroup/coalfire-sre-challenge-app-tg/a3270f14a19a3826",
                "type": "elbv2"
              }
            ],
            "vpc_zone_identifier": [
              "subnet-04d9ea5ca9f8e7251",
              "subnet-0f9050dbed708de98"
            ],
            "wait_for_capacity_timeout": "10m",
            "wait_for_elb_capacity": null,
            "warm_pool": [],
            "warm_pool_size": 0
          },
          "sensitive_attributes": [],
          "private": "eyJlMmJmYjczMC1lY2FhLTExZTYtOGY4OC0zNDM2M2JjN2M0YzAiOnsiZGVsZXRlIjo2MDAwMDAwMDAwMDAsInVwZGF0ZSI6NjAwMDAwMDAwMDAwfSwic2NoZW1hX3ZlcnNpb24iOiIxIn0=",
          "dependencies": [
            "module.compute.aws_iam_instance_profile.ec2_profile",
            "module.compute.aws_iam_role.ec2_role",
            "module.compute.aws_launch_template.web_servers",
            "module.compute.data.aws_ami.amazon_linux",
            "module.load_balancer.aws_lb_target_group.application",
            "module.security.aws_security_group.alb",
            "module.security.aws_security_group.application",
            "module.security.aws_security_group.management",
            "module.vpc.aws_subnet.application",
            "module.vpc.aws_vpc.main"
          ],
          "create_before_destroy": true
        }
      ]
    },
    {
      "module": "module.compute",
      "mode": "managed",
      "type": "aws_autoscaling_policy",
      "name": "scale_down",
      "provider": "provider[\"registry.terraform.io/hashicorp/aws\"]",
      "instances": [
        {
          "schema_version": 0,
          "attributes": {
            "adjustment_type": "ChangeInCapacity",
            "arn": "arn:aws:autoscaling:us-east-1:571600832077:scalingPolicy:dcbe5a79-6a88-40be-87f5-3a88d5718701:autoScalingGroupName/coalfire-sre-challenge-web-asg:policyName/coalfire-sre-challenge-scale-down",
            "autoscaling_group_name": "coalfire-sre-challenge-web-asg",
            "cooldown": 300,
            "enabled": true,
            "estimated_instance_warmup": 0,
            "id": "coalfire-sre-challenge-scale-down",
            "metric_aggregation_type": "",
            "min_adjustment_magnitude": 0,
            "name": "coalfire-sre-challenge-scale-down",
            "policy_type": "SimpleScaling",
            "predictive_scaling_configuration": [],
            "scaling_adjustment": -1,
            "step_adjustment": [],
            "target_tracking_configuration": []
          },
          "sensitive_attributes": [],
          "private": "bnVsbA==",
          "dependencies": [
            "module.compute.aws_autoscaling_group.web_servers",
            "module.compute.aws_iam_instance_profile.ec2_profile",
            "module.compute.aws_iam_role.ec2_role",
            "module.compute.aws_launch_template.web_servers",
            "module.compute.data.aws_ami.amazon_linux",
            "module.load_balancer.aws_lb_target_group.application",
            "module.security.aws_security_group.alb",
            "module.security.aws_security_group.application",
            "module.security.aws_security_group.management",
            "module.vpc.aws_subnet.application",
            "module.vpc.aws_vpc.main"
          ]
        }
      ]
    },
    {
      "module": "module.compute",
      "mode": "managed",
      "type": "aws_autoscaling_policy",
      "name": "scale_up",
      "provider": "provider[\"registry.terraform.io/hashicorp/aws\"]",
      "instances": [
        {
          "schema_version": 0,
          "attributes": {
            "adjustment_type": "ChangeInCapacity",
            "arn": "arn:aws:autoscaling:us-east-1:571600832077:scalingPolicy:607182f0-94fb-41de-bf8d-deb5c4f5c9fe:autoScalingGroupName/coalfire-sre-challenge-web-asg:policyName/coalfire-sre-challenge-scale-up",
            "autoscaling_group_name": "coalfire-sre-challenge-web-asg",
            "cooldown": 300,
            "enabled": true,
            "estimated_instance_warmup": 0,
            "id": "coalfire-sre-challenge-scale-up",
            "metric_aggregation_type": "",
            "min_adjustment_magnitude": 0,
            "name": "coalfire-sre-challenge-scale-up",
            "policy_type": "SimpleScaling",
            "predictive_scaling_configuration": [],
            "scaling_adjustment": 1,
            "step_adjustment": [],
            "target_tracking_configuration": []
          },
          "sensitive_attributes": [],
          "private": "bnVsbA==",
          "dependencies": [
            "module.compute.aws_autoscaling_group.web_servers",
            "module.compute.aws_iam_instance_profile.ec2_profile",
            "module.compute.aws_iam_role.ec2_role",
            "module.compute.aws_launch_template.web_servers",
            "module.compute.data.aws_ami.amazon_linux",
            "module.load_balancer.aws_lb_target_group.application",
            "module.security.aws_security_group.alb",
            "module.security.aws_security_group.application",
            "module.security.aws_security_group.management",
            "module.vpc.aws_subnet.application",
            "module.vpc.aws_vpc.main"
          ]
        }
      ]
    },
    {
      "module": "module.compute",
      "mode": "managed",
      "type": "aws_cloudwatch_metric_alarm",
      "name": "cpu_high",
      "provider": "provider[\"registry.terraform.io/hashicorp/aws\"]",
      "instances": [
        {
          "schema_version": 1,
          "attributes": {
            "actions_enabled": true,
            "alarm_actions": [
              "arn:aws:autoscaling:us-east-1:571600832077:scalingPolicy:607182f0-94fb-41de-bf8d-deb5c4f5c9fe:autoScalingGroupName/coalfire-sre-challenge-web-asg:policyName/coalfire-sre-challenge-scale-up"
            ],
            "alarm_description": "Scale up when CPU gets busy",
            "alarm_name": "coalfire-sre-challenge-cpu-high",
            "arn": "arn:aws:cloudwatch:us-east-1:571600832077:alarm:coalfire-sre-challenge-cpu-high",
            "comparison_operator": "GreaterThanThreshold",
            "datapoints_to_alarm": 0,
            "dimensions": {
              "AutoScalingGroupName": "coalfire-sre-challenge-web-asg"
            },
            "evaluate_low_sample_count_percentiles": "",
            "evaluation_periods": 2,
            "extended_statistic": "",
            "id": "coalfire-sre-challenge-cpu-high",
            "insufficient_data_actions": [],
            "metric_name": "CPUUtilization",
            "metric_query": [],
            "namespace": "AWS/EC2",
            "ok_actions": [],
            "period": 120,
            "statistic": "Average",
            "tags": {
              "Environment": "dev",
              "ManagedBy": "terraform",
              "Owner": "sre-team",
              "Project": "coalfire-sre-challenge",
              "Purpose": "technical-challenge"
            },
            "tags_all": {
              "Environment": "dev",
              "ManagedBy": "terraform",
              "Owner": "sre-team",
              "Project": "coalfire-sre-challenge",
              "Purpose": "technical-challenge"
            },
            "threshold": 80,
            "threshold_metric_id": "",
            "treat_missing_data": "missing",
            "unit": ""
          },
          "sensitive_attributes": [],
          "private": "eyJzY2hlbWFfdmVyc2lvbiI6IjEifQ==",
          "dependencies": [
            "module.compute.aws_autoscaling_group.web_servers",
            "module.compute.aws_autoscaling_policy.scale_up",
            "module.compute.aws_iam_instance_profile.ec2_profile",
            "module.compute.aws_iam_role.ec2_role",
            "module.compute.aws_launch_template.web_servers",
            "module.compute.data.aws_ami.amazon_linux",
            "module.load_balancer.aws_lb_target_group.application",
            "module.security.aws_security_group.alb",
            "module.security.aws_security_group.application",
            "module.security.aws_security_group.management",
            "module.vpc.aws_subnet.application",
            "module.vpc.aws_vpc.main"
          ]
        }
      ]
    },
    {
      "module": "module.compute",
      "mode": "managed",
      "type": "aws_cloudwatch_metric_alarm",
      "name": "cpu_low",
      "provider": "provider[\"registry.terraform.io/hashicorp/aws\"]",
      "instances": [
        {
          "schema_version": 1,
          "attributes": {
            "actions_enabled": true,
            "alarm_actions": [
              "arn:aws:autoscaling:us-east-1:571600832077:scalingPolicy:dcbe5a79-6a88-40be-87f5-3a88d5718701:autoScalingGroupName/coalfire-sre-challenge-web-asg:policyName/coalfire-sre-challenge-scale-down"
            ],
            "alarm_description": "Scale down when CPU is idle",
            "alarm_name": "coalfire-sre-challenge-cpu-low",
            "arn": "arn:aws:cloudwatch:us-east-1:571600832077:alarm:coalfire-sre-challenge-cpu-low",
            "comparison_operator": "LessThanThreshold",
            "datapoints_to_alarm": 0,
            "dimensions": {
              "AutoScalingGroupName": "coalfire-sre-challenge-web-asg"
            },
            "evaluate_low_sample_count_percentiles": "",
            "evaluation_periods": 2,
            "extended_statistic": "",
            "id": "coalfire-sre-challenge-cpu-low",
            "insufficient_data_actions": [],
            "metric_name": "CPUUtilization",
            "metric_query": [],
            "namespace": "AWS/EC2",
            "ok_actions": [],
            "period": 120,
            "statistic": "Average",
            "tags": {
              "Environment": "dev",
              "ManagedBy": "terraform",
              "Owner": "sre-team",
              "Project": "coalfire-sre-challenge",
              "Purpose": "technical-challenge"
            },
            "tags_all": {
              "Environment": "dev",
              "ManagedBy": "terraform",
              "Owner": "sre-team",
              "Project": "coalfire-sre-challenge",
              "Purpose": "technical-challenge"
            },
            "threshold": 10,
            "threshold_metric_id": "",
            "treat_missing_data": "missing",
            "unit": ""
          },
          "sensitive_attributes": [],
          "private": "eyJzY2hlbWFfdmVyc2lvbiI6IjEifQ==",
          "dependencies": [
            "module.compute.aws_autoscaling_group.web_servers",
            "module.compute.aws_autoscaling_policy.scale_down",
            "module.compute.aws_iam_instance_profile.ec2_profile",
            "module.compute.aws_iam_role.ec2_role",
            "module.compute.aws_launch_template.web_servers",
            "module.compute.data.aws_ami.amazon_linux",
            "module.load_balancer.aws_lb_target_group.application",
            "module.security.aws_security_group.alb",
            "module.security.aws_security_group.application",
            "module.security.aws_security_group.management",
            "module.vpc.aws_subnet.application",
            "module.vpc.aws_vpc.main"
          ]
        }
      ]
    },
    {
      "module": "module.compute",
      "mode": "managed",
      "type": "aws_iam_instance_profile",
      "name": "ec2_profile",
      "provider": "provider[\"registry.terraform.io/hashicorp/aws\"]",
      "instances": [
        {
          "schema_version": 0,
          "attributes": {
            "arn": "arn:aws:iam::571600832077:instance-profile/coalfire-sre-challenge-ec2-profile-20250909145437980500000003",
            "create_date": "2025-09-09T14:54:38Z",
            "id": "coalfire-sre-challenge-ec2-profile-20250909145437980500000003",
            "name": "coalfire-sre-challenge-ec2-profile-20250909145437980500000003",
            "name_prefix": "coalfire-sre-challenge-ec2-profile-",
            "path": "/",
            "role": "coalfire-sre-challenge-ec2-20250909145437691200000001",
            "tags": {
              "Environment": "dev",
              "ManagedBy": "terraform",
              "Owner": "sre-team",
              "Project": "coalfire-sre-challenge",
              "Purpose": "technical-challenge"
            },
            "tags_all": {
              "Environment": "dev",
              "ManagedBy": "terraform",
              "Owner": "sre-team",
              "Project": "coalfire-sre-challenge",
              "Purpose": "technical-challenge"
            },
            "unique_id": "AIPAYKFQQQZG275JUDQBB"
          },
          "sensitive_attributes": [],
          "private": "bnVsbA==",
          "dependencies": [
            "module.compute.aws_iam_role.ec2_role"
          ],
          "create_before_destroy": true
        }
      ]
    },
    {
      "module": "module.compute",
      "mode": "managed",
      "type": "aws_iam_role",
      "name": "ec2_role",
      "provider": "provider[\"registry.terraform.io/hashicorp/aws\"]",
      "instances": [
        {
          "schema_version": 0,
          "attributes": {
            "arn": "arn:aws:iam::571600832077:role/coalfire-sre-challenge-ec2-20250909145437691200000001",
            "assume_role_policy": "{\"Statement\":[{\"Action\":\"sts:AssumeRole\",\"Effect\":\"Allow\",\"Principal\":{\"Service\":\"ec2.amazonaws.com\"}}],\"Version\":\"2012-10-17\"}",
            "create_date": "2025-09-09T14:54:37Z",
            "description": "",
            "force_detach_policies": false,
            "id": "coalfire-sre-challenge-ec2-20250909145437691200000001",
            "inline_policy": [
              {
                "name": "coalfire-sre-challenge-ec2-policy-20250909145437980100000002",
                "policy": "{\"Version\":\"2012-10-17\",\"Statement\":[{\"Action\":[\"cloudwatch:PutMetricData\",\"ec2:DescribeVolumes\",\"ec2:DescribeTags\",\"logs:PutLogEvents\",\"logs:CreateLogGroup\",\"logs:CreateLogStream\"],\"Effect\":\"Allow\",\"Resource\":\"*\"}]}"
              }
            ],
            "managed_policy_arns": [],
            "max_session_duration": 3600,
            "name": "coalfire-sre-challenge-ec2-20250909145437691200000001",
            "name_prefix": "coalfire-sre-challenge-ec2-",
            "path": "/",
            "permissions_boundary": "",
            "tags": {
              "Environment": "dev",
              "ManagedBy": "terraform",
              "Owner": "sre-team",
              "Project": "coalfire-sre-challenge",
              "Purpose": "technical-challenge"
            },
            "tags_all": {
              "Environment": "dev",
              "ManagedBy": "terraform",
              "Owner": "sre-team",
              "Project": "coalfire-sre-challenge",
              "Purpose": "technical-challenge"
            },
            "unique_id": "AROAYKFQQQZGZO5MTVSFY"
          },
          "sensitive_attributes": [],
          "private": "bnVsbA==",
          "create_before_destroy": true
        }
      ]
    },
    {
      "module": "module.compute",
      "mode": "managed",
      "type": "aws_iam_role_policy",
      "name": "ec2_policy",
      "provider": "provider[\"registry.terraform.io/hashicorp/aws\"]",
      "instances": [
        {
          "schema_version": 0,
          "attributes": {
            "id": "coalfire-sre-challenge-ec2-20250909145437691200000001:coalfire-sre-challenge-ec2-policy-20250909145437980100000002",
            "name": "coalfire-sre-challenge-ec2-policy-20250909145437980100000002",
            "name_prefix": "coalfire-sre-challenge-ec2-policy-",
            "policy": "{\"Version\":\"2012-10-17\",\"Statement\":[{\"Action\":[\"cloudwatch:PutMetricData\",\"ec2:DescribeVolumes\",\"ec2:DescribeTags\",\"logs:PutLogEvents\",\"logs:CreateLogGroup\",\"logs:CreateLogStream\"],\"Effect\":\"Allow\",\"Resource\":\"*\"}]}",
            "role": "coalfire-sre-challenge-ec2-20250909145437691200000001"
          },
          "sensitive_attributes": [],
          "private": "bnVsbA==",
          "dependencies": [
            "module.compute.aws_iam_role.ec2_role"
          ]
        }
      ]
    },
    {
      "module": "module.compute",
      "mode": "managed",
      "type": "aws_instance",
      "name": "mgmt_box",
      "provider": "provider[\"registry.terraform.io/hashicorp/aws\"]",
      "instances": [
        {
          "schema_version": 1,
          "attributes": {
            "ami": "ami-06883c95d78ea3e7a",
            "arn": "arn:aws:ec2:us-east-1:571600832077:instance/i-070bf71c9e85ef035",
            "associate_public_ip_address": true,
            "availability_zone": "us-east-1a",
            "capacity_reservation_specification": [
              {
                "capacity_reservation_preference": "open",
                "capacity_reservation_target": []
              }
            ],
            "cpu_core_count": 1,
            "cpu_options": [
              {
                "amd_sev_snp": "",
                "core_count": 1,
                "threads_per_core": 1
              }
            ],
            "cpu_threads_per_core": 1,
            "credit_specification": [
              {
                "cpu_credits": "standard"
              }
            ],
            "disable_api_stop": false,
            "disable_api_termination": false,
            "ebs_block_device": [],
            "ebs_optimized": false,
            "enable_primary_ipv6": null,
            "enclave_options": [
              {
                "enabled": false
              }
            ],
            "ephemeral_block_device": [],
            "get_password_data": false,
            "hibernation": false,
            "host_id": "",
            "host_resource_group_arn": null,
            "iam_instance_profile": "coalfire-sre-challenge-ec2-profile-20250909145437980500000003",
            "id": "i-070bf71c9e85ef035",
            "instance_initiated_shutdown_behavior": "stop",
            "instance_lifecycle": "",
            "instance_market_options": [],
            "instance_state": "running",
            "instance_type": "t2.micro",
            "ipv6_address_count": 0,
            "ipv6_addresses": [],
            "key_name": "coalfire-challenge-key",
            "launch_template": [],
            "maintenance_options": [
              {
                "auto_recovery": "default"
              }
            ],
            "metadata_options": [
              {
                "http_endpoint": "enabled",
                "http_protocol_ipv6": "disabled",
                "http_put_response_hop_limit": 2,
                "http_tokens": "required",
                "instance_metadata_tags": "disabled"
              }
            ],
            "monitoring": false,
            "network_interface": [],
            "outpost_arn": "",
            "password_data": "",
            "placement_group": "",
            "placement_partition_number": 0,
            "primary_network_interface_id": "eni-0f68121f6e69e78a0",
            "private_dns": "ip-10-1-1-159.ec2.internal",
            "private_dns_name_options": [
              {
                "enable_resource_name_dns_a_record": false,
                "enable_resource_name_dns_aaaa_record": false,
                "hostname_type": "ip-name"
              }
            ],
            "private_ip": "10.1.1.159",
            "public_dns": "ec2-3-235-100-110.compute-1.amazonaws.com",
            "public_ip": "3.235.100.110",
            "root_block_device": [
              {
                "delete_on_termination": true,
                "device_name": "/dev/xvda",
                "encrypted": false,
                "iops": 3000,
                "kms_key_id": "",
                "tags": {
                  "Environment": "dev",
                  "ManagedBy": "terraform",
                  "Owner": "sre-team",
                  "Project": "coalfire-sre-challenge",
                  "Purpose": "technical-challenge"
                },
                "tags_all": {
                  "Environment": "dev",
                  "ManagedBy": "terraform",
                  "Owner": "sre-team",
                  "Project": "coalfire-sre-challenge",
                  "Purpose": "technical-challenge"
                },
                "throughput": 125,
                "volume_id": "vol-06fb93e5c49e2cde9",
                "volume_size": 30,
                "volume_type": "gp3"
              }
            ],
            "secondary_private_ips": [],
            "security_groups": [],
            "source_dest_check": true,
            "spot_instance_request_id": "",
            "subnet_id": "subnet-0a91fc1a5e5a49b8d",
            "tags": {
              "Environment": "dev",
              "ManagedBy": "terraform",
              "Name": "coalfire-sre-challenge-mgmt-box",
              "Owner": "sre-team",
              "Project": "coalfire-sre-challenge",
              "Purpose": "technical-challenge",
              "Type": "Management"
            },
            "tags_all": {
              "Environment": "dev",
              "ManagedBy": "terraform",
              "Name": "coalfire-sre-challenge-mgmt-box",
              "Owner": "sre-team",
              "Project": "coalfire-sre-challenge",
              "Purpose": "technical-challenge",
              "Type": "Management"
            },
            "tenancy": "default",
            "timeouts": null,
            "user_data": "b40d96d52f508b2a5a737e9f792fb64e57cc2753",
            "user_data_base64": null,
            "user_data_replace_on_change": false,
            "volume_tags": null,
            "vpc_security_group_ids": [
              "sg-0b3cbc071950581ea"
            ]
          },
          "sensitive_attributes": [],
          "private": "eyJlMmJmYjczMC1lY2FhLTExZTYtOGY4OC0zNDM2M2JjN2M0YzAiOnsiY3JlYXRlIjo2MDAwMDAwMDAwMDAsImRlbGV0ZSI6MTIwMDAwMDAwMDAwMCwicmVhZCI6OTAwMDAwMDAwMDAwLCJ1cGRhdGUiOjYwMDAwMDAwMDAwMH0sInNjaGVtYV92ZXJzaW9uIjoiMSJ9",
          "dependencies": [
            "module.compute.aws_iam_instance_profile.ec2_profile",
            "module.compute.aws_iam_role.ec2_role",
            "module.compute.data.aws_ami.amazon_linux",
            "module.security.aws_security_group.management",
            "module.vpc.aws_subnet.management",
            "module.vpc.aws_vpc.main"
          ],
          "create_before_destroy": true
        }
      ]
    },
    {
      "module": "module.compute",
      "mode": "managed",
      "type": "aws_launch_template",
      "name": "web_servers",
      "provider": "provider[\"registry.terraform.io/hashicorp/aws\"]",
      "instances": [
        {
          "schema_version": 0,
          "attributes": {
            "arn": "arn:aws:ec2:us-east-1:571600832077:launch-template/lt-06f6ccd90afe5d6e9",
            "block_device_mappings": [],
            "capacity_reservation_specification": [],
            "cpu_options": [],
            "credit_specification": [],
            "default_version": 1,
            "description": "",
            "disable_api_stop": false,
            "disable_api_termination": false,
            "ebs_optimized": "",
            "elastic_gpu_specifications": [],
            "elastic_inference_accelerator": [],
            "enclave_options": [],
            "hibernation_options": [],
            "iam_instance_profile": [
              {
                "arn": "",
                "name": "coalfire-sre-challenge-ec2-profile-20250909145437980500000003"
              }
            ],
            "id": "lt-06f6ccd90afe5d6e9",
            "image_id": "ami-06883c95d78ea3e7a",
            "instance_initiated_shutdown_behavior": "",
            "instance_market_options": [],
            "instance_requirements": [],
            "instance_type": "t2.micro",
            "kernel_id": "",
            "key_name": "coalfire-challenge-key",
            "latest_version": 1,
            "license_specification": [],
            "maintenance_options": [],
            "metadata_options": [],
            "monitoring": [],
            "name": "coalfire-sre-challenge-web-20250909145455460900000009",
            "name_prefix": "coalfire-sre-challenge-web-",
            "network_interfaces": [],
            "placement": [],
            "private_dns_name_options": [],
            "ram_disk_id": "",
            "security_group_names": [],
            "tag_specifications": [
              {
                "resource_type": "instance",
                "tags": {
                  "Environment": "dev",
                  "ManagedBy": "terraform",
                  "Name": "coalfire-sre-challenge-web-server",
                  "Owner": "sre-team",
                  "Project": "coalfire-sre-challenge",
                  "Purpose": "technical-challenge",
                  "Type": "WebServer"
                }
              },
              {
                "resource_type": "volume",
                "tags": {
                  "Environment": "dev",
                  "ManagedBy": "terraform",
                  "Name": "coalfire-sre-challenge-web-volume",
                  "Owner": "sre-team",
                  "Project": "coalfire-sre-challenge",
                  "Purpose": "technical-challenge"
                }
              }
            ],
            "tags": {
              "Environment": "dev",
              "ManagedBy": "terraform",
              "Name": "coalfire-sre-challenge-web-launch-template",
              "Owner": "sre-team",
              "Project": "coalfire-sre-challenge",
              "Purpose": "technical-challenge"
            },
            "tags_all": {
              "Environment": "dev",
              "ManagedBy": "terraform",
              "Name": "coalfire-sre-challenge-web-launch-template",
              "Owner": "sre-team",
              "Project": "coalfire-sre-challenge",
              "Purpose": "technical-challenge"
            },
            "update_default_version": null,
            "user_data": "IyEvYmluL2Jhc2gKIyBXZWIgc2VydmVyIHNldHVwIHNjcmlwdAojIEluc3RhbGxpbmcgQXBhY2hlIGFuZCBzZXR0aW5nIHVwIGEgYmFzaWMgcGFnZQoKIyBVcGRhdGUgcGFja2FnZXMgZmlyc3QKZG5mIHVwZGF0ZSAteQoKIyBJbnN0YWxsIEFwYWNoZSB3ZWIgc2VydmVyCmRuZiBpbnN0YWxsIC15IGh0dHBkCgojIFN0YXJ0IEFwYWNoZSBhbmQgbWFrZSBzdXJlIGl0IHN0YXJ0cyBvbiBib290CnN5c3RlbWN0bCBzdGFydCBodHRwZApzeXN0ZW1jdGwgZW5hYmxlIGh0dHBkCgojIENyZWF0ZSBhIGJhc2ljIGxhbmRpbmcgcGFnZQpjYXQgPiAvdmFyL3d3dy9odG1sL2luZGV4Lmh0bWwgPDwgRU9GCjwhRE9DVFlQRSBodG1sPgo8aHRtbD4KPGhlYWQ+CiAgICA8dGl0bGU+Q29hbGZpcmUgU1JFIENoYWxsZW5nZTwvdGl0bGU+CiAgICA8c3R5bGU+CiAgICAgICAgYm9keSB7IAogICAgICAgICAgICBmb250LWZhbWlseTogQXJpYWwsIHNhbnMtc2VyaWY7IAogICAgICAgICAgICBtYXJnaW46IDQwcHg7IAogICAgICAgICAgICBiYWNrZ3JvdW5kLWNvbG9yOiAjZjVmNWY1OyAKICAgICAgICB9CiAgICAgICAgLmNvbnRhaW5lciB7IAogICAgICAgICAgICBtYXgtd2lkdGg6IDgwMHB4OyAKICAgICAgICAgICAgbWFyZ2luOiAwIGF1dG87IAogICAgICAgICAgICBiYWNrZ3JvdW5kOiB3aGl0ZTsgCiAgICAgICAgICAgIHBhZGRpbmc6IDMwcHg7IAogICAgICAgICAgICBib3JkZXItcmFkaXVzOiAxMHB4OyAKICAgICAgICAgICAgYm94LXNoYWRvdzogMCAycHggMTBweCByZ2JhKDAsMCwwLDAuMSk7IAogICAgICAgIH0KICAgICAgICBoMSB7IGNvbG9yOiAjMmMzZTUwOyB9CiAgICAgICAgLmluZm8geyAKICAgICAgICAgICAgYmFja2dyb3VuZDogI2VjZjBmMTsgCiAgICAgICAgICAgIHBhZGRpbmc6IDE1cHg7IAogICAgICAgICAgICBib3JkZXItcmFkaXVzOiA1cHg7IAogICAgICAgICAgICBtYXJnaW46IDIwcHggMDsgCiAgICAgICAgfQogICAgICAgIC5zdGF0dXMgeyBjb2xvcjogIzI3YWU2MDsgZm9udC13ZWlnaHQ6IGJvbGQ7IH0KICAgIDwvc3R5bGU+CjwvaGVhZD4KPGJvZHk+CiAgICA8ZGl2IGNsYXNzPSJjb250YWluZXIiPgogICAgICAgIDxoMT5Db2FsZmlyZSBTUkUgQ2hhbGxlbmdlIERlbW88L2gxPgogICAgICAgIDxkaXYgY2xhc3M9ImluZm8iPgogICAgICAgICAgICA8cD48c3Ryb25nPlByb2plY3Q6PC9zdHJvbmc+IGNvYWxmaXJlLXNyZS1jaGFsbGVuZ2U8L3A+CiAgICAgICAgICAgIDxwPjxzdHJvbmc+SW5zdGFuY2UgSUQ6PC9zdHJvbmc+IDxzcGFuIGlkPSJpbnN0YW5jZS1pZCI+TG9hZGluZy4uLjwvc3Bhbj48L3A+CiAgICAgICAgICAgIDxwPjxzdHJvbmc+QVo6PC9zdHJvbmc+IDxzcGFuIGlkPSJheiI+TG9hZGluZy4uLjwvc3Bhbj48L3A+CiAgICAgICAgICAgIDxwPjxzdHJvbmc+U3RhdHVzOjwvc3Ryb25nPiA8c3BhbiBjbGFzcz0ic3RhdHVzIj5XZWIgU2VydmVyIE9ubGluZTwvc3Bhbj48L3A+CiAgICAgICAgPC9kaXY+CiAgICAgICAgCiAgICAgICAgPGgyPldoYXQncyBSdW5uaW5nIEhlcmU8L2gyPgogICAgICAgIDx1bD4KICAgICAgICAgICAgPGxpPlZQQyB3aXRoIDMtdGllciBzdWJuZXRzIChtZ210LCBhcHAsIGJhY2tlbmQpPC9saT4KICAgICAgICAgICAgPGxpPkF1dG8gU2NhbGluZyBHcm91cCAoMi02IGluc3RhbmNlcyk8L2xpPgogICAgICAgICAgICA8bGk+QXBwbGljYXRpb24gTG9hZCBCYWxhbmNlcjwvbGk+CiAgICAgICAgICAgIDxsaT5TZWN1cml0eSBncm91cHMgd2l0aCByZXN0cmljdGVkIGFjY2VzczwvbGk+CiAgICAgICAgICAgIDxsaT5NYW5hZ2VtZW50IGJhc3Rpb24gaG9zdDwvbGk+CiAgICAgICAgPC91bD4KICAgICAgICAKICAgICAgICA8aDI+U2VjdXJpdHkgU2V0dXA8L2gyPgogICAgICAgIDx1bD4KICAgICAgICAgICAgPGxpPlByaXZhdGUgYXBwIHN1Ym5ldHMgKG5vIGRpcmVjdCBpbnRlcm5ldCk8L2xpPgogICAgICAgICAgICA8bGk+U1NIIG9ubHkgZnJvbSBtYW5hZ2VtZW50IGJveDwvbGk+CiAgICAgICAgICAgIDxsaT5XZWIgdHJhZmZpYyBvbmx5IGZyb20gQUxCPC9saT4KICAgICAgICAgICAgPGxpPk5ldHdvcmsgQUNMcyBmb3IgZGVmZW5zZSBpbiBkZXB0aDwvbGk+CiAgICAgICAgPC91bD4KICAgICAgICAKICAgICAgICA8cD48ZW0+QnVpbHQgd2l0aCBUZXJyYWZvcm0g4oCiICQoZGF0ZSk8L2VtPjwvcD4KICAgIDwvZGl2PgoKICAgIDxzY3JpcHQ+CiAgICAgICAgLy8gR2V0IGluc3RhbmNlIG1ldGFkYXRhIGZyb20gQVdTCiAgICAgICAgZmV0Y2goJ2h0dHA6Ly8xNjkuMjU0LjE2OS4yNTQvbGF0ZXN0L21ldGEtZGF0YS9pbnN0YW5jZS1pZCcpCiAgICAgICAgICAgIC50aGVuKHJlc3BvbnNlID0+IHJlc3BvbnNlLnRleHQoKSkKICAgICAgICAgICAgLnRoZW4oZGF0YSA9PiBkb2N1bWVudC5nZXRFbGVtZW50QnlJZCgnaW5zdGFuY2UtaWQnKS50ZXh0Q29udGVudCA9IGRhdGEpCiAgICAgICAgICAgIC5jYXRjaChlcnJvciA9PiBkb2N1bWVudC5nZXRFbGVtZW50QnlJZCgnaW5zdGFuY2UtaWQnKS50ZXh0Q29udGVudCA9ICdOL0EnKTsKCiAgICAgICAgZmV0Y2goJ2h0dHA6Ly8xNjkuMjU0LjE2OS4yNTQvbGF0ZXN0L21ldGEtZGF0YS9wbGFjZW1lbnQvYXZhaWxhYmlsaXR5LXpvbmUnKQogICAgICAgICAgICAudGhlbihyZXNwb25zZSA9PiByZXNwb25zZS50ZXh0KCkpCiAgICAgICAgICAgIC50aGVuKGRhdGEgPT4gZG9jdW1lbnQuZ2V0RWxlbWVudEJ5SWQoJ2F6JykudGV4dENvbnRlbnQgPSBkYXRhKQogICAgICAgICAgICAuY2F0Y2goZXJyb3IgPT4gZG9jdW1lbnQuZ2V0RWxlbWVudEJ5SWQoJ2F6JykudGV4dENvbnRlbnQgPSAnTi9BJyk7CiAgICA8L3NjcmlwdD4KPC9ib2R5Pgo8L2h0bWw+CkVPRgoKIyBTaW1wbGUgaGVhbHRoIGNoZWNrIGVuZHBvaW50IGZvciB0aGUgQUxCCmNhdCA+IC92YXIvd3d3L2h0bWwvaGVhbHRoIDw8IEVPRgpPSwpFT0YKCiMgSW5zdGFsbCBDbG91ZFdhdGNoIGFnZW50IC0gdXNlZnVsIGZvciBtb25pdG9yaW5nCmRuZiBpbnN0YWxsIC15IGFtYXpvbi1jbG91ZHdhdGNoLWFnZW50CgojIEJhc2ljIENsb3VkV2F0Y2ggY29uZmlnIC0ga2VlcGluZyBpdCBzaW1wbGUgZm9yIG5vdwpjYXQgPiAvb3B0L2F3cy9hbWF6b24tY2xvdWR3YXRjaC1hZ2VudC9ldGMvYW1hem9uLWNsb3Vkd2F0Y2gtYWdlbnQuanNvbiA8PCBFT0YKewogICAgIm1ldHJpY3MiOiB7CiAgICAgICAgIm5hbWVzcGFjZSI6ICJDV0FnZW50IiwKICAgICAgICAibWV0cmljc19jb2xsZWN0ZWQiOiB7CiAgICAgICAgICAgICJjcHUiOiB7CiAgICAgICAgICAgICAgICAibWVhc3VyZW1lbnQiOiBbImNwdV91c2FnZV9pZGxlIiwgImNwdV91c2FnZV91c2VyIiwgImNwdV91c2FnZV9zeXN0ZW0iXSwKICAgICAgICAgICAgICAgICJtZXRyaWNzX2NvbGxlY3Rpb25faW50ZXJ2YWwiOiA2MAogICAgICAgICAgICB9LAogICAgICAgICAgICAiZGlzayI6IHsKICAgICAgICAgICAgICAgICJtZWFzdXJlbWVudCI6IFsidXNlZF9wZXJjZW50Il0sCiAgICAgICAgICAgICAgICAibWV0cmljc19jb2xsZWN0aW9uX2ludGVydmFsIjogNjAsCiAgICAgICAgICAgICAgICAicmVzb3VyY2VzIjogWyIqIl0KICAgICAgICAgICAgfSwKICAgICAgICAgICAgIm1lbSI6IHsKICAgICAgICAgICAgICAgICJtZWFzdXJlbWVudCI6IFsibWVtX3VzZWRfcGVyY2VudCJdLAogICAgICAgICAgICAgICAgIm1ldHJpY3NfY29sbGVjdGlvbl9pbnRlcnZhbCI6IDYwCiAgICAgICAgICAgIH0KICAgICAgICB9CiAgICB9LAogICAgImxvZ3MiOiB7CiAgICAgICAgImxvZ3NfY29sbGVjdGVkIjogewogICAgICAgICAgICAiZmlsZXMiOiB7CiAgICAgICAgICAgICAgICAiY29sbGVjdF9saXN0IjogWwogICAgICAgICAgICAgICAgICAgIHsKICAgICAgICAgICAgICAgICAgICAgICAgImZpbGVfcGF0aCI6ICIvdmFyL2xvZy9odHRwZC9hY2Nlc3NfbG9nIiwKICAgICAgICAgICAgICAgICAgICAgICAgImxvZ19ncm91cF9uYW1lIjogIi9hd3MvZWMyL2NvYWxmaXJlLXNyZS1jaGFsbGVuZ2UvYXBhY2hlL2FjY2VzcyIsCiAgICAgICAgICAgICAgICAgICAgICAgICJsb2dfc3RyZWFtX25hbWUiOiAie2luc3RhbmNlX2lkfSIKICAgICAgICAgICAgICAgICAgICB9LAogICAgICAgICAgICAgICAgICAgIHsKICAgICAgICAgICAgICAgICAgICAgICAgImZpbGVfcGF0aCI6ICIvdmFyL2xvZy9odHRwZC9lcnJvcl9sb2ciLAogICAgICAgICAgICAgICAgICAgICAgICAibG9nX2dyb3VwX25hbWUiOiAiL2F3cy9lYzIvY29hbGZpcmUtc3JlLWNoYWxsZW5nZS9hcGFjaGUvZXJyb3IiLAogICAgICAgICAgICAgICAgICAgICAgICAibG9nX3N0cmVhbV9uYW1lIjogIntpbnN0YW5jZV9pZH0iCiAgICAgICAgICAgICAgICAgICAgfQogICAgICAgICAgICAgICAgXQogICAgICAgICAgICB9CiAgICAgICAgfQogICAgfQp9CkVPRgoKIyBTdGFydCB0aGUgQ2xvdWRXYXRjaCBhZ2VudAovb3B0L2F3cy9hbWF6b24tY2xvdWR3YXRjaC1hZ2VudC9iaW4vYW1hem9uLWNsb3Vkd2F0Y2gtYWdlbnQtY3RsIC1hIGZldGNoLWNvbmZpZyAtbSBlYzIgLWMgZmlsZTovb3B0L2F3cy9hbWF6b24tY2xvdWR3YXRjaC1hZ2VudC9ldGMvYW1hem9uLWNsb3Vkd2F0Y2gtYWdlbnQuanNvbiAtcwoKIyBNYWtlIHN1cmUgQXBhY2hlIGlzIHN0aWxsIHJ1bm5pbmcKc3lzdGVtY3RsIHJlc3RhcnQgaHR0cGQKCiMgTG9nIHRoYXQgd2UncmUgZG9uZQplY2hvICIkKGRhdGUpOiBXZWIgc2VydmVyIHNldHVwIGNvbXBsZXRlZCIgPj4gL3Zhci9sb2cvdXNlci1kYXRhLmxvZwo=",
            "vpc_security_group_ids": [
              "sg-011c427abeb3b9874"
            ]
          },
          "sensitive_attributes": [],
          "private": "bnVsbA==",
          "dependencies": [
            "module.compute.aws_iam_instance_profile.ec2_profile",
            "module.compute.aws_iam_role.ec2_role",
            "module.compute.data.aws_ami.amazon_linux",
            "module.security.aws_security_group.alb",
            "module.security.aws_security_group.application",
            "module.security.aws_security_group.management",
            "module.vpc.aws_vpc.main"
          ],
          "create_before_destroy": true
        }
      ]
    },
    {
      "module": "module.load_balancer",
      "mode": "data",
      "type": "aws_elb_service_account",
      "name": "main",
      "provider": "provider[\"registry.terraform.io/hashicorp/aws\"]",
      "instances": [
        {
          "schema_version": 0,
          "attributes": {
            "arn": "arn:aws:iam::127311923021:root",
            "id": "127311923021",
            "region": null
          },
          "sensitive_attributes": []
        }
      ]
    },
    {
      "module": "module.load_balancer",
      "mode": "managed",
      "type": "aws_cloudwatch_log_group",
      "name": "alb_logs",
      "provider": "provider[\"registry.terraform.io/hashicorp/aws\"]",
      "instances": [
        {
          "schema_version": 0,
          "attributes": {
            "arn": "arn:aws:logs:us-east-1:571600832077:log-group:/aws/alb/coalfire-sre-challenge",
            "id": "/aws/alb/coalfire-sre-challenge",
            "kms_key_id": "",
            "log_group_class": "STANDARD",
            "name": "/aws/alb/coalfire-sre-challenge",
            "name_prefix": "",
            "retention_in_days": 7,
            "skip_destroy": false,
            "tags": {
              "Environment": "dev",
              "ManagedBy": "terraform",
              "Name": "coalfire-sre-challenge-alb-logs",
              "Owner": "sre-team",
              "Project": "coalfire-sre-challenge",
              "Purpose": "technical-challenge"
            },
            "tags_all": {
              "Environment": "dev",
              "ManagedBy": "terraform",
              "Name": "coalfire-sre-challenge-alb-logs",
              "Owner": "sre-team",
              "Project": "coalfire-sre-challenge",
              "Purpose": "technical-challenge"
            }
          },
          "sensitive_attributes": [],
          "private": "bnVsbA=="
        }
      ]
    },
    {
      "module": "module.load_balancer",
      "mode": "managed",
      "type": "aws_lb",
      "name": "application",
      "provider": "provider[\"registry.terraform.io/hashicorp/aws\"]",
      "instances": [
        {
          "schema_version": 0,
          "attributes": {
            "access_logs": [
              {
                "bucket": "",
                "enabled": false,
                "prefix": ""
              }
            ],
            "arn": "arn:aws:elasticloadbalancing:us-east-1:571600832077:loadbalancer/app/coalfire-sre-challenge-alb/85ed743d2dbfa51e",
            "arn_suffix": "app/coalfire-sre-challenge-alb/85ed743d2dbfa51e",
            "client_keep_alive": 3600,
            "connection_logs": [
              {
                "bucket": "",
                "enabled": false,
                "prefix": ""
              }
            ],
            "customer_owned_ipv4_pool": "",
            "desync_mitigation_mode": "defensive",
            "dns_name": "coalfire-sre-challenge-alb-1627102278.us-east-1.elb.amazonaws.com",
            "dns_record_client_routing_policy": null,
            "drop_invalid_header_fields": false,
            "enable_cross_zone_load_balancing": true,
            "enable_deletion_protection": false,
            "enable_http2": true,
            "enable_tls_version_and_cipher_suite_headers": false,
            "enable_waf_fail_open": false,
            "enable_xff_client_port": false,
            "enable_zonal_shift": false,
            "enforce_security_group_inbound_rules_on_private_link_traffic": "",
            "id": "arn:aws:elasticloadbalancing:us-east-1:571600832077:loadbalancer/app/coalfire-sre-challenge-alb/85ed743d2dbfa51e",
            "idle_timeout": 60,
            "internal": false,
            "ip_address_type": "ipv4",
            "ipam_pools": [],
            "load_balancer_type": "application",
            "minimum_load_balancer_capacity": [],
            "name": "coalfire-sre-challenge-alb",
            "name_prefix": "",
            "preserve_host_header": false,
            "security_groups": [
              "sg-02108cc2dc8f3a0c5"
            ],
            "subnet_mapping": [
              {
                "allocation_id": "",
                "ipv6_address": "",
                "outpost_id": "",
                "private_ipv4_address": "",
                "subnet_id": "subnet-00be8b4e7538f35c5"
              },
              {
                "allocation_id": "",
                "ipv6_address": "",
                "outpost_id": "",
                "private_ipv4_address": "",
                "subnet_id": "subnet-0a91fc1a5e5a49b8d"
              }
            ],
            "subnets": [
              "subnet-00be8b4e7538f35c5",
              "subnet-0a91fc1a5e5a49b8d"
            ],
            "tags": {
              "Environment": "dev",
              "ManagedBy": "terraform",
              "Name": "coalfire-sre-challenge-alb",
              "Owner": "sre-team",
              "Project": "coalfire-sre-challenge",
              "Purpose": "technical-challenge"
            },
            "tags_all": {
              "Environment": "dev",
              "ManagedBy": "terraform",
              "Name": "coalfire-sre-challenge-alb",
              "Owner": "sre-team",
              "Project": "coalfire-sre-challenge",
              "Purpose": "technical-challenge"
            },
            "timeouts": null,
            "vpc_id": "vpc-0ec596dba2594f886",
            "xff_header_processing_mode": "append",
            "zone_id": "Z35SXDOTRQ7X7K"
          },
          "sensitive_attributes": [],
          "private": "eyJlMmJmYjczMC1lY2FhLTExZTYtOGY4OC0zNDM2M2JjN2M0YzAiOnsiY3JlYXRlIjo2MDAwMDAwMDAwMDAsImRlbGV0ZSI6NjAwMDAwMDAwMDAwLCJ1cGRhdGUiOjYwMDAwMDAwMDAwMH19",
          "dependencies": [
            "module.security.aws_security_group.alb",
            "module.vpc.aws_subnet.management",
            "module.vpc.aws_vpc.main"
          ]
        }
      ]
    },
    {
      "module": "module.load_balancer",
      "mode": "managed",
      "type": "aws_lb_listener",
      "name": "application",
      "provider": "provider[\"registry.terraform.io/hashicorp/aws\"]",
      "instances": [
        {
          "schema_version": 0,
          "attributes": {
            "alpn_policy": null,
            "arn": "arn:aws:elasticloadbalancing:us-east-1:571600832077:listener/app/coalfire-sre-challenge-alb/85ed743d2dbfa51e/8612fbc5845abd64",
            "certificate_arn": null,
            "default_action": [
              {
                "authenticate_cognito": [],
                "authenticate_oidc": [],
                "fixed_response": [],
                "forward": [],
                "order": 1,
                "redirect": [],
                "target_group_arn": "arn:aws:elasticloadbalancing:us-east-1:571600832077:targetgroup/coalfire-sre-challenge-app-tg/a3270f14a19a3826",
                "type": "forward"
              }
            ],
            "id": "arn:aws:elasticloadbalancing:us-east-1:571600832077:listener/app/coalfire-sre-challenge-alb/85ed743d2dbfa51e/8612fbc5845abd64",
            "load_balancer_arn": "arn:aws:elasticloadbalancing:us-east-1:571600832077:loadbalancer/app/coalfire-sre-challenge-alb/85ed743d2dbfa51e",
            "mutual_authentication": [],
            "port": 80,
            "protocol": "HTTP",
            "routing_http_request_x_amzn_mtls_clientcert_header_name": null,
            "routing_http_request_x_amzn_mtls_clientcert_issuer_header_name": null,
            "routing_http_request_x_amzn_mtls_clientcert_leaf_header_name": null,
            "routing_http_request_x_amzn_mtls_clientcert_serial_number_header_name": null,
            "routing_http_request_x_amzn_mtls_clientcert_subject_header_name": null,
            "routing_http_request_x_amzn_mtls_clientcert_validity_header_name": null,
            "routing_http_request_x_amzn_tls_cipher_suite_header_name": null,
            "routing_http_request_x_amzn_tls_version_header_name": null,
            "routing_http_response_access_control_allow_credentials_header_value": "",
            "routing_http_response_access_control_allow_headers_header_value": "",
            "routing_http_response_access_control_allow_methods_header_value": "",
            "routing_http_response_access_control_allow_origin_header_value": "",
            "routing_http_response_access_control_expose_headers_header_value": "",
            "routing_http_response_access_control_max_age_header_value": "",
            "routing_http_response_content_security_policy_header_value": "",
            "routing_http_response_server_enabled": true,
            "routing_http_response_strict_transport_security_header_value": "",
            "routing_http_response_x_content_type_options_header_value": "",
            "routing_http_response_x_frame_options_header_value": "",
            "ssl_policy": "",
            "tags": {
              "Environment": "dev",
              "ManagedBy": "terraform",
              "Owner": "sre-team",
              "Project": "coalfire-sre-challenge",
              "Purpose": "technical-challenge"
            },
            "tags_all": {
              "Environment": "dev",
              "ManagedBy": "terraform",
              "Owner": "sre-team",
              "Project": "coalfire-sre-challenge",
              "Purpose": "technical-challenge"
            },
            "tcp_idle_timeout_seconds": null,
            "timeouts": null
          },
          "sensitive_attributes": [],
          "private": "eyJlMmJmYjczMC1lY2FhLTExZTYtOGY4OC0zNDM2M2JjN2M0YzAiOnsiY3JlYXRlIjozMDAwMDAwMDAwMDAsInVwZGF0ZSI6MzAwMDAwMDAwMDAwfX0=",
          "dependencies": [
            "module.load_balancer.aws_lb.application",
            "module.load_balancer.aws_lb_target_group.application",
            "module.security.aws_security_group.alb",
            "module.vpc.aws_subnet.management",
            "module.vpc.aws_vpc.main"
          ]
        }
      ]
    },
    {
      "module": "module.load_balancer",
      "mode": "managed",
      "type": "aws_lb_target_group",
      "name": "application",
      "provider": "provider[\"registry.terraform.io/hashicorp/aws\"]",
      "instances": [
        {
          "schema_version": 0,
          "attributes": {
            "arn": "arn:aws:elasticloadbalancing:us-east-1:571600832077:targetgroup/coalfire-sre-challenge-app-tg/a3270f14a19a3826",
            "arn_suffix": "targetgroup/coalfire-sre-challenge-app-tg/a3270f14a19a3826",
            "connection_termination": null,
            "deregistration_delay": "300",
            "health_check": [
              {
                "enabled": true,
                "healthy_threshold": 2,
                "interval": 30,
                "matcher": "200",
                "path": "/health",
                "port": "traffic-port",
                "protocol": "HTTP",
                "timeout": 5,
                "unhealthy_threshold": 2
              }
            ],
            "id": "arn:aws:elasticloadbalancing:us-east-1:571600832077:targetgroup/coalfire-sre-challenge-app-tg/a3270f14a19a3826",
            "ip_address_type": "ipv4",
            "lambda_multi_value_headers_enabled": false,
            "load_balancer_arns": [
              "arn:aws:elasticloadbalancing:us-east-1:571600832077:loadbalancer/app/coalfire-sre-challenge-alb/85ed743d2dbfa51e"
            ],
            "load_balancing_algorithm_type": "round_robin",
            "load_balancing_anomaly_mitigation": "off",
            "load_balancing_cross_zone_enabled": "use_load_balancer_configuration",
            "name": "coalfire-sre-challenge-app-tg",
            "name_prefix": "",
            "port": 80,
            "preserve_client_ip": null,
            "protocol": "HTTP",
            "protocol_version": "HTTP1",
            "proxy_protocol_v2": false,
            "slow_start": 0,
            "stickiness": [
              {
                "cookie_duration": 86400,
                "cookie_name": "",
                "enabled": false,
                "type": "lb_cookie"
              }
            ],
            "tags": {
              "Environment": "dev",
              "ManagedBy": "terraform",
              "Name": "coalfire-sre-challenge-app-tg",
              "Owner": "sre-team",
              "Project": "coalfire-sre-challenge",
              "Purpose": "technical-challenge"
            },
            "tags_all": {
              "Environment": "dev",
              "ManagedBy": "terraform",
              "Name": "coalfire-sre-challenge-app-tg",
              "Owner": "sre-team",
              "Project": "coalfire-sre-challenge",
              "Purpose": "technical-challenge"
            },
            "target_failover": [
              {
                "on_deregistration": null,
                "on_unhealthy": null
              }
            ],
            "target_group_health": [
              {
                "dns_failover": [
                  {
                    "minimum_healthy_targets_count": "1",
                    "minimum_healthy_targets_percentage": "off"
                  }
                ],
                "unhealthy_state_routing": [
                  {
                    "minimum_healthy_targets_count": 1,
                    "minimum_healthy_targets_percentage": "off"
                  }
                ]
              }
            ],
            "target_health_state": [
              {
                "enable_unhealthy_connection_termination": null,
                "unhealthy_draining_interval": null
              }
            ],
            "target_type": "instance",
            "vpc_id": "vpc-0ec596dba2594f886"
          },
          "sensitive_attributes": [],
          "private": "bnVsbA==",
          "dependencies": [
            "module.vpc.aws_vpc.main"
          ],
          "create_before_destroy": true
        }
      ]
    },
    {
      "module": "module.load_balancer",
      "mode": "managed",
      "type": "aws_s3_bucket",
      "name": "alb_logs",
      "provider": "provider[\"registry.terraform.io/hashicorp/aws\"]",
      "instances": [
        {
          "schema_version": 0,
          "attributes": {
            "acceleration_status": "",
            "acl": null,
            "arn": "arn:aws:s3:::coalfire-sre-challenge-alb-logs-50r625v8",
            "bucket": "coalfire-sre-challenge-alb-logs-50r625v8",
            "bucket_domain_name": "coalfire-sre-challenge-alb-logs-50r625v8.s3.amazonaws.com",
            "bucket_prefix": "",
            "bucket_regional_domain_name": "coalfire-sre-challenge-alb-logs-50r625v8.s3.us-east-1.amazonaws.com",
            "cors_rule": [],
            "force_destroy": true,
            "grant": [
              {
                "id": "e16254ec68a4e0b85c93be28bad947d0a1a6b26372564d082698b9c7341b5246",
                "permissions": [
                  "FULL_CONTROL"
                ],
                "type": "CanonicalUser",
                "uri": ""
              }
            ],
            "hosted_zone_id": "Z3AQBSTGFYJSTF",
            "id": "coalfire-sre-challenge-alb-logs-50r625v8",
            "lifecycle_rule": [],
            "logging": [],
            "object_lock_configuration": [],
            "object_lock_enabled": false,
            "policy": "{\"Statement\":[{\"Action\":\"s3:PutObject\",\"Effect\":\"Allow\",\"Principal\":{\"AWS\":\"arn:aws:iam::127311923021:root\"},\"Resource\":\"arn:aws:s3:::coalfire-sre-challenge-alb-logs-50r625v8/*\"},{\"Action\":\"s3:PutObject\",\"Condition\":{\"StringEquals\":{\"s3:x-amz-acl\":\"bucket-owner-full-control\"}},\"Effect\":\"Allow\",\"Principal\":{\"Service\":\"delivery.logs.amazonaws.com\"},\"Resource\":\"arn:aws:s3:::coalfire-sre-challenge-alb-logs-50r625v8/*\"},{\"Action\":\"s3:GetBucketAcl\",\"Effect\":\"Allow\",\"Principal\":{\"Service\":\"delivery.logs.amazonaws.com\"},\"Resource\":\"arn:aws:s3:::coalfire-sre-challenge-alb-logs-50r625v8\"}],\"Version\":\"2012-10-17\"}",
            "region": "us-east-1",
            "replication_configuration": [],
            "request_payer": "BucketOwner",
            "server_side_encryption_configuration": [
              {
                "rule": [
                  {
                    "apply_server_side_encryption_by_default": [
                      {
                        "kms_master_key_id": "",
                        "sse_algorithm": "AES256"
                      }
                    ],
                    "bucket_key_enabled": false
                  }
                ]
              }
            ],
            "tags": {
              "Environment": "dev",
              "ManagedBy": "terraform",
              "Name": "coalfire-sre-challenge-alb-logs",
              "Owner": "sre-team",
              "Project": "coalfire-sre-challenge",
              "Purpose": "technical-challenge"
            },
            "tags_all": {
              "Environment": "dev",
              "ManagedBy": "terraform",
              "Name": "coalfire-sre-challenge-alb-logs",
              "Owner": "sre-team",
              "Project": "coalfire-sre-challenge",
              "Purpose": "technical-challenge"
            },
            "timeouts": null,
            "versioning": [
              {
                "enabled": true,
                "mfa_delete": false
              }
            ],
            "website": [],
            "website_domain": null,
            "website_endpoint": null
          },
          "sensitive_attributes": [],
          "private": "eyJlMmJmYjczMC1lY2FhLTExZTYtOGY4OC0zNDM2M2JjN2M0YzAiOnsiY3JlYXRlIjoxMjAwMDAwMDAwMDAwLCJkZWxldGUiOjM2MDAwMDAwMDAwMDAsInJlYWQiOjEyMDAwMDAwMDAwMDAsInVwZGF0ZSI6MTIwMDAwMDAwMDAwMH19",
          "dependencies": [
            "module.load_balancer.random_string.bucket_suffix"
          ]
        }
      ]
    },
    {
      "module": "module.load_balancer",
      "mode": "managed",
      "type": "aws_s3_bucket_policy",
      "name": "alb_logs",
      "provider": "provider[\"registry.terraform.io/hashicorp/aws\"]",
      "instances": [
        {
          "schema_version": 0,
          "attributes": {
            "bucket": "coalfire-sre-challenge-alb-logs-50r625v8",
            "id": "coalfire-sre-challenge-alb-logs-50r625v8",
            "policy": "{\"Statement\":[{\"Action\":\"s3:PutObject\",\"Effect\":\"Allow\",\"Principal\":{\"AWS\":\"arn:aws:iam::127311923021:root\"},\"Resource\":\"arn:aws:s3:::coalfire-sre-challenge-alb-logs-50r625v8/*\"},{\"Action\":\"s3:PutObject\",\"Condition\":{\"StringEquals\":{\"s3:x-amz-acl\":\"bucket-owner-full-control\"}},\"Effect\":\"Allow\",\"Principal\":{\"Service\":\"delivery.logs.amazonaws.com\"},\"Resource\":\"arn:aws:s3:::coalfire-sre-challenge-alb-logs-50r625v8/*\"},{\"Action\":\"s3:GetBucketAcl\",\"Effect\":\"Allow\",\"Principal\":{\"Service\":\"delivery.logs.amazonaws.com\"},\"Resource\":\"arn:aws:s3:::coalfire-sre-challenge-alb-logs-50r625v8\"}],\"Version\":\"2012-10-17\"}"
          },
          "sensitive_attributes": [],
          "private": "bnVsbA==",
          "dependencies": [
            "module.load_balancer.aws_s3_bucket.alb_logs",
            "module.load_balancer.data.aws_elb_service_account.main",
            "module.load_balancer.random_string.bucket_suffix"
          ]
        }
      ]
    },
    {
      "module": "module.load_balancer",
      "mode": "managed",
      "type": "aws_s3_bucket_public_access_block",
      "name": "alb_logs",
      "provider": "provider[\"registry.terraform.io/hashicorp/aws\"]",
      "instances": [
        {
          "schema_version": 0,
          "attributes": {
            "block_public_acls": true,
            "block_public_policy": true,
            "bucket": "coalfire-sre-challenge-alb-logs-50r625v8",
            "id": "coalfire-sre-challenge-alb-logs-50r625v8",
            "ignore_public_acls": true,
            "restrict_public_buckets": true
          },
          "sensitive_attributes": [],
          "private": "bnVsbA==",
          "dependencies": [
            "module.load_balancer.aws_s3_bucket.alb_logs",
            "module.load_balancer.random_string.bucket_suffix"
          ]
        }
      ]
    },
    {
      "module": "module.load_balancer",
      "mode": "managed",
      "type": "aws_s3_bucket_server_side_encryption_configuration",
      "name": "alb_logs",
      "provider": "provider[\"registry.terraform.io/hashicorp/aws\"]",
      "instances": [
        {
          "schema_version": 0,
          "attributes": {
            "bucket": "coalfire-sre-challenge-alb-logs-50r625v8",
            "expected_bucket_owner": "",
            "id": "coalfire-sre-challenge-alb-logs-50r625v8",
            "rule": [
              {
                "apply_server_side_encryption_by_default": [
                  {
                    "kms_master_key_id": "",
                    "sse_algorithm": "AES256"
                  }
                ],
                "bucket_key_enabled": false
              }
            ]
          },
          "sensitive_attributes": [],
          "private": "bnVsbA==",
          "dependencies": [
            "module.load_balancer.aws_s3_bucket.alb_logs",
            "module.load_balancer.random_string.bucket_suffix"
          ]
        }
      ]
    },
    {
      "module": "module.load_balancer",
      "mode": "managed",
      "type": "aws_s3_bucket_versioning",
      "name": "alb_logs",
      "provider": "provider[\"registry.terraform.io/hashicorp/aws\"]",
      "instances": [
        {
          "schema_version": 0,
          "attributes": {
            "bucket": "coalfire-sre-challenge-alb-logs-50r625v8",
            "expected_bucket_owner": "",
            "id": "coalfire-sre-challenge-alb-logs-50r625v8",
            "mfa": null,
            "versioning_configuration": [
              {
                "mfa_delete": "",
                "status": "Enabled"
              }
            ]
          },
          "sensitive_attributes": [],
          "private": "bnVsbA==",
          "dependencies": [
            "module.load_balancer.aws_s3_bucket.alb_logs",
            "module.load_balancer.random_string.bucket_suffix"
          ]
        }
      ]
    },
    {
      "module": "module.load_balancer",
      "mode": "managed",
      "type": "random_string",
      "name": "bucket_suffix",
      "provider": "provider[\"registry.terraform.io/hashicorp/random\"]",
      "instances": [
        {
          "schema_version": 2,
          "attributes": {
            "id": "50r625v8",
            "keepers": null,
            "length": 8,
            "lower": true,
            "min_lower": 0,
            "min_numeric": 0,
            "min_special": 0,
            "min_upper": 0,
            "number": true,
            "numeric": true,
            "override_special": null,
            "result": "50r625v8",
            "special": false,
            "upper": false
          },
          "sensitive_attributes": []
        }
      ]
    },
    {
      "module": "module.security",
      "mode": "managed",
      "type": "aws_network_acl",
      "name": "application",
      "provider": "provider[\"registry.terraform.io/hashicorp/aws\"]",
      "instances": [
        {
          "schema_version": 0,
          "attributes": {
            "arn": "arn:aws:ec2:us-east-1:571600832077:network-acl/acl-0a01be92b7bf58dac",
            "egress": [
              {
                "action": "allow",
                "cidr_block": "0.0.0.0/0",
                "from_port": 0,
                "icmp_code": 0,
                "icmp_type": 0,
                "ipv6_cidr_block": "",
                "protocol": "-1",
                "rule_no": 100,
                "to_port": 0
              }
            ],
            "id": "acl-0a01be92b7bf58dac",
            "ingress": [
              {
                "action": "allow",
                "cidr_block": "0.0.0.0/0",
                "from_port": 1024,
                "icmp_code": 0,
                "icmp_type": 0,
                "ipv6_cidr_block": "",
                "protocol": "6",
                "rule_no": 120,
                "to_port": 65535
              },
              {
                "action": "allow",
                "cidr_block": "10.1.0.0/16",
                "from_port": 22,
                "icmp_code": 0,
                "icmp_type": 0,
                "ipv6_cidr_block": "",
                "protocol": "6",
                "rule_no": 110,
                "to_port": 22
              },
              {
                "action": "allow",
                "cidr_block": "10.1.0.0/16",
                "from_port": 80,
                "icmp_code": 0,
                "icmp_type": 0,
                "ipv6_cidr_block": "",
                "protocol": "6",
                "rule_no": 100,
                "to_port": 80
              }
            ],
            "owner_id": "571600832077",
            "subnet_ids": [
              "subnet-04d9ea5ca9f8e7251",
              "subnet-0f9050dbed708de98"
            ],
            "tags": {
              "Environment": "dev",
              "ManagedBy": "terraform",
              "Name": "coalfire-sre-challenge-app-nacl",
              "Owner": "sre-team",
              "Project": "coalfire-sre-challenge",
              "Purpose": "technical-challenge"
            },
            "tags_all": {
              "Environment": "dev",
              "ManagedBy": "terraform",
              "Name": "coalfire-sre-challenge-app-nacl",
              "Owner": "sre-team",
              "Project": "coalfire-sre-challenge",
              "Purpose": "technical-challenge"
            },
            "vpc_id": "vpc-0ec596dba2594f886"
          },
          "sensitive_attributes": [],
          "private": "bnVsbA==",
          "dependencies": [
            "module.vpc.aws_subnet.application",
            "module.vpc.aws_vpc.main"
          ]
        }
      ]
    },
    {
      "module": "module.security",
      "mode": "managed",
      "type": "aws_network_acl",
      "name": "management",
      "provider": "provider[\"registry.terraform.io/hashicorp/aws\"]",
      "instances": [
        {
          "schema_version": 0,
          "attributes": {
            "arn": "arn:aws:ec2:us-east-1:571600832077:network-acl/acl-052bb38edd0a0933a",
            "egress": [
              {
                "action": "allow",
                "cidr_block": "0.0.0.0/0",
                "from_port": 0,
                "icmp_code": 0,
                "icmp_type": 0,
                "ipv6_cidr_block": "",
                "protocol": "-1",
                "rule_no": 100,
                "to_port": 0
              }
            ],
            "id": "acl-052bb38edd0a0933a",
            "ingress": [
              {
                "action": "allow",
                "cidr_block": "0.0.0.0/0",
                "from_port": 1024,
                "icmp_code": null,
                "icmp_type": null,
                "ipv6_cidr_block": null,
                "protocol": "tcp",
                "rule_no": 110,
                "to_port": 65535
              },
              {
                "action": "allow",
                "cidr_block": "0.0.0.0/0",
                "from_port": 443,
                "icmp_code": null,
                "icmp_type": null,
                "ipv6_cidr_block": "",
                "protocol": "tcp",
                "rule_no": 106,
                "to_port": 443
              },
              {
                "action": "allow",
                "cidr_block": "0.0.0.0/0",
                "from_port": 80,
                "icmp_code": null,
                "icmp_type": null,
                "ipv6_cidr_block": "",
                "protocol": "tcp",
                "rule_no": 105,
                "to_port": 80
              },
              {
                "action": "allow",
                "cidr_block": "151.202.45.111/32",
                "from_port": 22,
                "icmp_code": null,
                "icmp_type": null,
                "ipv6_cidr_block": null,
                "protocol": "tcp",
                "rule_no": 100,
                "to_port": 22
              }
            ],
            "owner_id": "571600832077",
            "subnet_ids": [
              "subnet-00be8b4e7538f35c5",
              "subnet-0a91fc1a5e5a49b8d"
            ],
            "tags": {
              "Environment": "dev",
              "ManagedBy": "terraform",
              "Name": "coalfire-sre-challenge-mgmt-nacl",
              "Owner": "sre-team",
              "Project": "coalfire-sre-challenge",
              "Purpose": "technical-challenge"
            },
            "tags_all": {
              "Environment": "dev",
              "ManagedBy": "terraform",
              "Name": "coalfire-sre-challenge-mgmt-nacl",
              "Owner": "sre-team",
              "Project": "coalfire-sre-challenge",
              "Purpose": "technical-challenge"
            },
            "vpc_id": "vpc-0ec596dba2594f886"
          },
          "sensitive_attributes": [],
          "private": "bnVsbA==",
          "dependencies": [
            "module.vpc.aws_subnet.management",
            "module.vpc.aws_vpc.main"
          ]
        }
      ]
    },
    {
      "module": "module.security",
      "mode": "managed",
      "type": "aws_security_group",
      "name": "alb",
      "provider": "provider[\"registry.terraform.io/hashicorp/aws\"]",
      "instances": [
        {
          "schema_version": 1,
          "attributes": {
            "arn": "arn:aws:ec2:us-east-1:571600832077:security-group/sg-02108cc2dc8f3a0c5",
            "description": "Managed by Terraform",
            "egress": [
              {
                "cidr_blocks": [
                  "0.0.0.0/0"
                ],
                "description": "All outbound",
                "from_port": 0,
                "ipv6_cidr_blocks": [],
                "prefix_list_ids": [],
                "protocol": "-1",
                "security_groups": [],
                "self": false,
                "to_port": 0
              }
            ],
            "id": "sg-02108cc2dc8f3a0c5",
            "ingress": [
              {
                "cidr_blocks": [
                  "0.0.0.0/0"
                ],
                "description": "HTTP",
                "from_port": 80,
                "ipv6_cidr_blocks": [],
                "prefix_list_ids": [],
                "protocol": "tcp",
                "security_groups": [],
                "self": false,
                "to_port": 80
              },
              {
                "cidr_blocks": [
                  "0.0.0.0/0"
                ],
                "description": "HTTPS",
                "from_port": 443,
                "ipv6_cidr_blocks": [],
                "prefix_list_ids": [],
                "protocol": "tcp",
                "security_groups": [],
                "self": false,
                "to_port": 443
              }
            ],
            "name": "coalfire-sre-challenge-alb-20250909145449625200000005",
            "name_prefix": "coalfire-sre-challenge-alb-",
            "owner_id": "571600832077",
            "revoke_rules_on_delete": false,
            "tags": {
              "Environment": "dev",
              "ManagedBy": "terraform",
              "Name": "coalfire-sre-challenge-alb-sg",
              "Owner": "sre-team",
              "Project": "coalfire-sre-challenge",
              "Purpose": "technical-challenge"
            },
            "tags_all": {
              "Environment": "dev",
              "ManagedBy": "terraform",
              "Name": "coalfire-sre-challenge-alb-sg",
              "Owner": "sre-team",
              "Project": "coalfire-sre-challenge",
              "Purpose": "technical-challenge"
            },
            "timeouts": null,
            "vpc_id": "vpc-0ec596dba2594f886"
          },
          "sensitive_attributes": [],
          "private": "eyJlMmJmYjczMC1lY2FhLTExZTYtOGY4OC0zNDM2M2JjN2M0YzAiOnsiY3JlYXRlIjo2MDAwMDAwMDAwMDAsImRlbGV0ZSI6OTAwMDAwMDAwMDAwfSwic2NoZW1hX3ZlcnNpb24iOiIxIn0=",
          "dependencies": [
            "module.vpc.aws_vpc.main"
          ],
          "create_before_destroy": true
        }
      ]
    },
    {
      "module": "module.security",
      "mode": "managed",
      "type": "aws_security_group",
      "name": "application",
      "provider": "provider[\"registry.terraform.io/hashicorp/aws\"]",
      "instances": [
        {
          "schema_version": 1,
          "attributes": {
            "arn": "arn:aws:ec2:us-east-1:571600832077:security-group/sg-011c427abeb3b9874",
            "description": "Managed by Terraform",
            "egress": [
              {
                "cidr_blocks": [
                  "0.0.0.0/0"
                ],
                "description": "All outbound",
                "from_port": 0,
                "ipv6_cidr_blocks": [],
                "prefix_list_ids": [],
                "protocol": "-1",
                "security_groups": [],
                "self": false,
                "to_port": 0
              }
            ],
            "id": "sg-011c427abeb3b9874",
            "ingress": [
              {
                "cidr_blocks": [],
                "description": "HTTP from ALB",
                "from_port": 80,
                "ipv6_cidr_blocks": [],
                "prefix_list_ids": [],
                "protocol": "tcp",
                "security_groups": [
                  "sg-02108cc2dc8f3a0c5"
                ],
                "self": false,
                "to_port": 80
              },
              {
                "cidr_blocks": [],
                "description": "SSH from mgmt",
                "from_port": 22,
                "ipv6_cidr_blocks": [],
                "prefix_list_ids": [],
                "protocol": "tcp",
                "security_groups": [
                  "sg-0b3cbc071950581ea"
                ],
                "self": false,
                "to_port": 22
              }
            ],
            "name": "coalfire-sre-challenge-web-20250909145452430900000008",
            "name_prefix": "coalfire-sre-challenge-web-",
            "owner_id": "571600832077",
            "revoke_rules_on_delete": false,
            "tags": {
              "Environment": "dev",
              "ManagedBy": "terraform",
              "Name": "coalfire-sre-challenge-web-sg",
              "Owner": "sre-team",
              "Project": "coalfire-sre-challenge",
              "Purpose": "technical-challenge"
            },
            "tags_all": {
              "Environment": "dev",
              "ManagedBy": "terraform",
              "Name": "coalfire-sre-challenge-web-sg",
              "Owner": "sre-team",
              "Project": "coalfire-sre-challenge",
              "Purpose": "technical-challenge"
            },
            "timeouts": null,
            "vpc_id": "vpc-0ec596dba2594f886"
          },
          "sensitive_attributes": [],
          "private": "eyJlMmJmYjczMC1lY2FhLTExZTYtOGY4OC0zNDM2M2JjN2M0YzAiOnsiY3JlYXRlIjo2MDAwMDAwMDAwMDAsImRlbGV0ZSI6OTAwMDAwMDAwMDAwfSwic2NoZW1hX3ZlcnNpb24iOiIxIn0=",
          "dependencies": [
            "module.security.aws_security_group.alb",
            "module.security.aws_security_group.management",
            "module.vpc.aws_vpc.main"
          ],
          "create_before_destroy": true
        }
      ]
    },
    {
      "module": "module.security",
      "mode": "managed",
      "type": "aws_security_group",
      "name": "management",
      "provider": "provider[\"registry.terraform.io/hashicorp/aws\"]",
      "instances": [
        {
          "schema_version": 1,
          "attributes": {
            "arn": "arn:aws:ec2:us-east-1:571600832077:security-group/sg-0b3cbc071950581ea",
            "description": "Managed by Terraform",
            "egress": [
              {
                "cidr_blocks": [
                  "0.0.0.0/0"
                ],
                "description": "All outbound",
                "from_port": 0,
                "ipv6_cidr_blocks": [],
                "prefix_list_ids": [],
                "protocol": "-1",
                "security_groups": [],
                "self": false,
                "to_port": 0
              }
            ],
            "id": "sg-0b3cbc071950581ea",
            "ingress": [
              {
                "cidr_blocks": [
                  "151.202.45.111/32"
                ],
                "description": "SSH access from allowed source",
                "from_port": 22,
                "ipv6_cidr_blocks": [],
                "prefix_list_ids": [],
                "protocol": "tcp",
                "security_groups": [],
                "self": false,
                "to_port": 22
              }
            ],
            "name": "coalfire-sre-challenge-mgmt-20250909145449623800000004",
            "name_prefix": "coalfire-sre-challenge-mgmt-",
            "owner_id": "571600832077",
            "revoke_rules_on_delete": false,
            "tags": {
              "Environment": "dev",
              "ManagedBy": "terraform",
              "Name": "coalfire-sre-challenge-mgmt-sg",
              "Owner": "sre-team",
              "Project": "coalfire-sre-challenge",
              "Purpose": "technical-challenge"
            },
            "tags_all": {
              "Environment": "dev",
              "ManagedBy": "terraform",
              "Name": "coalfire-sre-challenge-mgmt-sg",
              "Owner": "sre-team",
              "Project": "coalfire-sre-challenge",
              "Purpose": "technical-challenge"
            },
            "timeouts": null,
            "vpc_id": "vpc-0ec596dba2594f886"
          },
          "sensitive_attributes": [],
          "private": "eyJlMmJmYjczMC1lY2FhLTExZTYtOGY4OC0zNDM2M2JjN2M0YzAiOnsiY3JlYXRlIjo2MDAwMDAwMDAwMDAsImRlbGV0ZSI6OTAwMDAwMDAwMDAwfSwic2NoZW1hX3ZlcnNpb24iOiIxIn0=",
          "dependencies": [
            "module.vpc.aws_vpc.main"
          ],
          "create_before_destroy": true
        }
      ]
    },
    {
      "module": "module.vpc",
      "mode": "data",
      "type": "aws_availability_zones",
      "name": "available",
      "provider": "provider[\"registry.terraform.io/hashicorp/aws\"]",
      "instances": [
        {
          "schema_version": 0,
          "attributes": {
            "all_availability_zones": null,
            "exclude_names": null,
            "exclude_zone_ids": null,
            "filter": null,
            "group_names": [
              "us-east-1-zg-1"
            ],
            "id": "us-east-1",
            "names": [
              "us-east-1a",
              "us-east-1b",
              "us-east-1c",
              "us-east-1d",
              "us-east-1e",
              "us-east-1f"
            ],
            "state": "available",
            "timeouts": null,
            "zone_ids": [
              "use1-az1",
              "use1-az2",
              "use1-az4",
              "use1-az6",
              "use1-az3",
              "use1-az5"
            ]
          },
          "sensitive_attributes": []
        }
      ]
    },
    {
      "module": "module.vpc",
      "mode": "managed",
      "type": "aws_eip",
      "name": "nat",
      "provider": "provider[\"registry.terraform.io/hashicorp/aws\"]",
      "instances": [
        {
          "schema_version": 0,
          "attributes": {
            "address": null,
            "allocation_id": "eipalloc-069701f932761df39",
            "arn": "arn:aws:ec2:us-east-1:571600832077:elastic-ip/eipalloc-069701f932761df39",
            "associate_with_private_ip": null,
            "association_id": "eipassoc-0123d87c5e9f61a5d",
            "carrier_ip": "",
            "customer_owned_ip": "",
            "customer_owned_ipv4_pool": "",
            "domain": "vpc",
            "id": "eipalloc-069701f932761df39",
            "instance": "",
            "ipam_pool_id": null,
            "network_border_group": "us-east-1",
            "network_interface": "eni-047d4adfeeab3eeb7",
            "private_dns": "ip-10-1-1-191.ec2.internal",
            "private_ip": "10.1.1.191",
            "ptr_record": "",
            "public_dns": "ec2-54-145-2-59.compute-1.amazonaws.com",
            "public_ip": "54.145.2.59",
            "public_ipv4_pool": "amazon",
            "tags": {
              "Environment": "dev",
              "ManagedBy": "terraform",
              "Name": "coalfire-sre-challenge-nat-eip",
              "Owner": "sre-team",
              "Project": "coalfire-sre-challenge",
              "Purpose": "technical-challenge"
            },
            "tags_all": {
              "Environment": "dev",
              "ManagedBy": "terraform",
              "Name": "coalfire-sre-challenge-nat-eip",
              "Owner": "sre-team",
              "Project": "coalfire-sre-challenge",
              "Purpose": "technical-challenge"
            },
            "timeouts": null,
            "vpc": true
          },
          "sensitive_attributes": [],
          "private": "eyJlMmJmYjczMC1lY2FhLTExZTYtOGY4OC0zNDM2M2JjN2M0YzAiOnsiZGVsZXRlIjoxODAwMDAwMDAwMDAsInJlYWQiOjkwMDAwMDAwMDAwMCwidXBkYXRlIjozMDAwMDAwMDAwMDB9fQ==",
          "dependencies": [
            "module.vpc.aws_internet_gateway.main",
            "module.vpc.aws_vpc.main"
          ]
        }
      ]
    },
    {
      "module": "module.vpc",
      "mode": "managed",
      "type": "aws_internet_gateway",
      "name": "main",
      "provider": "provider[\"registry.terraform.io/hashicorp/aws\"]",
      "instances": [
        {
          "schema_version": 0,
          "attributes": {
            "arn": "arn:aws:ec2:us-east-1:571600832077:internet-gateway/igw-0c46dd8ef76740b64",
            "id": "igw-0c46dd8ef76740b64",
            "owner_id": "571600832077",
            "tags": {
              "Environment": "dev",
              "ManagedBy": "terraform",
              "Name": "coalfire-sre-challenge-igw",
              "Owner": "sre-team",
              "Project": "coalfire-sre-challenge",
              "Purpose": "technical-challenge"
            },
            "tags_all": {
              "Environment": "dev",
              "ManagedBy": "terraform",
              "Name": "coalfire-sre-challenge-igw",
              "Owner": "sre-team",
              "Project": "coalfire-sre-challenge",
              "Purpose": "technical-challenge"
            },
            "timeouts": null,
            "vpc_id": "vpc-0ec596dba2594f886"
          },
          "sensitive_attributes": [],
          "private": "eyJlMmJmYjczMC1lY2FhLTExZTYtOGY4OC0zNDM2M2JjN2M0YzAiOnsiY3JlYXRlIjoxMjAwMDAwMDAwMDAwLCJkZWxldGUiOjEyMDAwMDAwMDAwMDAsInVwZGF0ZSI6MTIwMDAwMDAwMDAwMH19",
          "dependencies": [
            "module.vpc.aws_vpc.main"
          ]
        }
      ]
    },
    {
      "module": "module.vpc",
      "mode": "managed",
      "type": "aws_nat_gateway",
      "name": "main",
      "provider": "provider[\"registry.terraform.io/hashicorp/aws\"]",
      "instances": [
        {
          "schema_version": 0,
          "attributes": {
            "allocation_id": "eipalloc-069701f932761df39",
            "association_id": "eipassoc-0123d87c5e9f61a5d",
            "connectivity_type": "public",
            "id": "nat-0a2e49dd250dad304",
            "network_interface_id": "eni-047d4adfeeab3eeb7",
            "private_ip": "10.1.1.191",
            "public_ip": "54.145.2.59",
            "secondary_allocation_ids": [],
            "secondary_private_ip_address_count": 0,
            "secondary_private_ip_addresses": [],
            "subnet_id": "subnet-0a91fc1a5e5a49b8d",
            "tags": {
              "Environment": "dev",
              "ManagedBy": "terraform",
              "Name": "coalfire-sre-challenge-nat-gateway",
              "Owner": "sre-team",
              "Project": "coalfire-sre-challenge",
              "Purpose": "technical-challenge"
            },
            "tags_all": {
              "Environment": "dev",
              "ManagedBy": "terraform",
              "Name": "coalfire-sre-challenge-nat-gateway",
              "Owner": "sre-team",
              "Project": "coalfire-sre-challenge",
              "Purpose": "technical-challenge"
            },
            "timeouts": null
          },
          "sensitive_attributes": [],
          "private": "eyJlMmJmYjczMC1lY2FhLTExZTYtOGY4OC0zNDM2M2JjN2M0YzAiOnsiY3JlYXRlIjo2MDAwMDAwMDAwMDAsImRlbGV0ZSI6MTgwMDAwMDAwMDAwMCwidXBkYXRlIjo2MDAwMDAwMDAwMDB9fQ==",
          "dependencies": [
            "module.vpc.aws_eip.nat",
            "module.vpc.aws_internet_gateway.main",
            "module.vpc.aws_subnet.management",
            "module.vpc.aws_vpc.main"
          ]
        }
      ]
    },
    {
      "module": "module.vpc",
      "mode": "managed",
      "type": "aws_route_table",
      "name": "private",
      "provider": "provider[\"registry.terraform.io/hashicorp/aws\"]",
      "instances": [
        {
          "schema_version": 0,
          "attributes": {
            "arn": "arn:aws:ec2:us-east-1:571600832077:route-table/rtb-01e70f96cc64bbc71",
            "id": "rtb-01e70f96cc64bbc71",
            "owner_id": "571600832077",
            "propagating_vgws": [],
            "route": [
              {
                "carrier_gateway_id": "",
                "cidr_block": "0.0.0.0/0",
                "core_network_arn": "",
                "destination_prefix_list_id": "",
                "egress_only_gateway_id": "",
                "gateway_id": "",
                "ipv6_cidr_block": "",
                "local_gateway_id": "",
                "nat_gateway_id": "nat-0a2e49dd250dad304",
                "network_interface_id": "",
                "transit_gateway_id": "",
                "vpc_endpoint_id": "",
                "vpc_peering_connection_id": ""
              }
            ],
            "tags": {
              "Environment": "dev",
              "ManagedBy": "terraform",
              "Name": "coalfire-sre-challenge-private-routes",
              "Owner": "sre-team",
              "Project": "coalfire-sre-challenge",
              "Purpose": "technical-challenge"
            },
            "tags_all": {
              "Environment": "dev",
              "ManagedBy": "terraform",
              "Name": "coalfire-sre-challenge-private-routes",
              "Owner": "sre-team",
              "Project": "coalfire-sre-challenge",
              "Purpose": "technical-challenge"
            },
            "timeouts": null,
            "vpc_id": "vpc-0ec596dba2594f886"
          },
          "sensitive_attributes": [],
          "private": "eyJlMmJmYjczMC1lY2FhLTExZTYtOGY4OC0zNDM2M2JjN2M0YzAiOnsiY3JlYXRlIjozMDAwMDAwMDAwMDAsImRlbGV0ZSI6MzAwMDAwMDAwMDAwLCJ1cGRhdGUiOjEyMDAwMDAwMDAwMH19",
          "dependencies": [
            "module.vpc.aws_eip.nat",
            "module.vpc.aws_internet_gateway.main",
            "module.vpc.aws_nat_gateway.main",
            "module.vpc.aws_subnet.management",
            "module.vpc.aws_vpc.main"
          ]
        }
      ]
    },
    {
      "module": "module.vpc",
      "mode": "managed",
      "type": "aws_route_table",
      "name": "public",
      "provider": "provider[\"registry.terraform.io/hashicorp/aws\"]",
      "instances": [
        {
          "schema_version": 0,
          "attributes": {
            "arn": "arn:aws:ec2:us-east-1:571600832077:route-table/rtb-0119a67499388c755",
            "id": "rtb-0119a67499388c755",
            "owner_id": "571600832077",
            "propagating_vgws": [],
            "route": [
              {
                "carrier_gateway_id": "",
                "cidr_block": "0.0.0.0/0",
                "core_network_arn": "",
                "destination_prefix_list_id": "",
                "egress_only_gateway_id": "",
                "gateway_id": "igw-0c46dd8ef76740b64",
                "ipv6_cidr_block": "",
                "local_gateway_id": "",
                "nat_gateway_id": "",
                "network_interface_id": "",
                "transit_gateway_id": "",
                "vpc_endpoint_id": "",
                "vpc_peering_connection_id": ""
              }
            ],
            "tags": {
              "Environment": "dev",
              "ManagedBy": "terraform",
              "Name": "coalfire-sre-challenge-public-routes",
              "Owner": "sre-team",
              "Project": "coalfire-sre-challenge",
              "Purpose": "technical-challenge"
            },
            "tags_all": {
              "Environment": "dev",
              "ManagedBy": "terraform",
              "Name": "coalfire-sre-challenge-public-routes",
              "Owner": "sre-team",
              "Project": "coalfire-sre-challenge",
              "Purpose": "technical-challenge"
            },
            "timeouts": null,
            "vpc_id": "vpc-0ec596dba2594f886"
          },
          "sensitive_attributes": [],
          "private": "eyJlMmJmYjczMC1lY2FhLTExZTYtOGY4OC0zNDM2M2JjN2M0YzAiOnsiY3JlYXRlIjozMDAwMDAwMDAwMDAsImRlbGV0ZSI6MzAwMDAwMDAwMDAwLCJ1cGRhdGUiOjEyMDAwMDAwMDAwMH19",
          "dependencies": [
            "module.vpc.aws_internet_gateway.main",
            "module.vpc.aws_vpc.main"
          ]
        }
      ]
    },
    {
      "module": "module.vpc",
      "mode": "managed",
      "type": "aws_route_table_association",
      "name": "application",
      "provider": "provider[\"registry.terraform.io/hashicorp/aws\"]",
      "instances": [
        {
          "index_key": 0,
          "schema_version": 0,
          "attributes": {
            "gateway_id": "",
            "id": "rtbassoc-0771ced9754c6f213",
            "route_table_id": "rtb-01e70f96cc64bbc71",
            "subnet_id": "subnet-0f9050dbed708de98",
            "timeouts": null
          },
          "sensitive_attributes": [],
          "private": "eyJlMmJmYjczMC1lY2FhLTExZTYtOGY4OC0zNDM2M2JjN2M0YzAiOnsiY3JlYXRlIjozMDAwMDAwMDAwMDAsImRlbGV0ZSI6MzAwMDAwMDAwMDAwLCJ1cGRhdGUiOjEyMDAwMDAwMDAwMH19",
          "dependencies": [
            "module.vpc.aws_eip.nat",
            "module.vpc.aws_internet_gateway.main",
            "module.vpc.aws_nat_gateway.main",
            "module.vpc.aws_route_table.private",
            "module.vpc.aws_subnet.application",
            "module.vpc.aws_subnet.management",
            "module.vpc.aws_vpc.main"
          ]
        },
        {
          "index_key": 1,
          "schema_version": 0,
          "attributes": {
            "gateway_id": "",
            "id": "rtbassoc-0e6d65676f43c1f07",
            "route_table_id": "rtb-01e70f96cc64bbc71",
            "subnet_id": "subnet-04d9ea5ca9f8e7251",
            "timeouts": null
          },
          "sensitive_attributes": [],
          "private": "eyJlMmJmYjczMC1lY2FhLTExZTYtOGY4OC0zNDM2M2JjN2M0YzAiOnsiY3JlYXRlIjozMDAwMDAwMDAwMDAsImRlbGV0ZSI6MzAwMDAwMDAwMDAwLCJ1cGRhdGUiOjEyMDAwMDAwMDAwMH19",
          "dependencies": [
            "module.vpc.aws_eip.nat",
            "module.vpc.aws_internet_gateway.main",
            "module.vpc.aws_nat_gateway.main",
            "module.vpc.aws_route_table.private",
            "module.vpc.aws_subnet.application",
            "module.vpc.aws_subnet.management",
            "module.vpc.aws_vpc.main"
          ]
        }
      ]
    },
    {
      "module": "module.vpc",
      "mode": "managed",
      "type": "aws_route_table_association",
      "name": "backend",
      "provider": "provider[\"registry.terraform.io/hashicorp/aws\"]",
      "instances": [
        {
          "index_key": 0,
          "schema_version": 0,
          "attributes": {
            "gateway_id": "",
            "id": "rtbassoc-0ea4b1f094cdcc63b",
            "route_table_id": "rtb-01e70f96cc64bbc71",
            "subnet_id": "subnet-01678f2688a314d3b",
            "timeouts": null
          },
          "sensitive_attributes": [],
          "private": "eyJlMmJmYjczMC1lY2FhLTExZTYtOGY4OC0zNDM2M2JjN2M0YzAiOnsiY3JlYXRlIjozMDAwMDAwMDAwMDAsImRlbGV0ZSI6MzAwMDAwMDAwMDAwLCJ1cGRhdGUiOjEyMDAwMDAwMDAwMH19",
          "dependencies": [
            "module.vpc.aws_eip.nat",
            "module.vpc.aws_internet_gateway.main",
            "module.vpc.aws_nat_gateway.main",
            "module.vpc.aws_route_table.private",
            "module.vpc.aws_subnet.backend",
            "module.vpc.aws_subnet.management",
            "module.vpc.aws_vpc.main"
          ]
        },
        {
          "index_key": 1,
          "schema_version": 0,
          "attributes": {
            "gateway_id": "",
            "id": "rtbassoc-0a7a6e24463057dc7",
            "route_table_id": "rtb-01e70f96cc64bbc71",
            "subnet_id": "subnet-09ee6d00fd49490fd",
            "timeouts": null
          },
          "sensitive_attributes": [],
          "private": "eyJlMmJmYjczMC1lY2FhLTExZTYtOGY4OC0zNDM2M2JjN2M0YzAiOnsiY3JlYXRlIjozMDAwMDAwMDAwMDAsImRlbGV0ZSI6MzAwMDAwMDAwMDAwLCJ1cGRhdGUiOjEyMDAwMDAwMDAwMH19",
          "dependencies": [
            "module.vpc.aws_eip.nat",
            "module.vpc.aws_internet_gateway.main",
            "module.vpc.aws_nat_gateway.main",
            "module.vpc.aws_route_table.private",
            "module.vpc.aws_subnet.backend",
            "module.vpc.aws_subnet.management",
            "module.vpc.aws_vpc.main"
          ]
        }
      ]
    },
    {
      "module": "module.vpc",
      "mode": "managed",
      "type": "aws_route_table_association",
      "name": "management",
      "provider": "provider[\"registry.terraform.io/hashicorp/aws\"]",
      "instances": [
        {
          "index_key": 0,
          "schema_version": 0,
          "attributes": {
            "gateway_id": "",
            "id": "rtbassoc-03546ccf1b4295e01",
            "route_table_id": "rtb-0119a67499388c755",
            "subnet_id": "subnet-0a91fc1a5e5a49b8d",
            "timeouts": null
          },
          "sensitive_attributes": [],
          "private": "eyJlMmJmYjczMC1lY2FhLTExZTYtOGY4OC0zNDM2M2JjN2M0YzAiOnsiY3JlYXRlIjozMDAwMDAwMDAwMDAsImRlbGV0ZSI6MzAwMDAwMDAwMDAwLCJ1cGRhdGUiOjEyMDAwMDAwMDAwMH19",
          "dependencies": [
            "module.vpc.aws_internet_gateway.main",
            "module.vpc.aws_route_table.public",
            "module.vpc.aws_subnet.management",
            "module.vpc.aws_vpc.main"
          ]
        },
        {
          "index_key": 1,
          "schema_version": 0,
          "attributes": {
            "gateway_id": "",
            "id": "rtbassoc-0d34ad2e7e8ad264b",
            "route_table_id": "rtb-0119a67499388c755",
            "subnet_id": "subnet-00be8b4e7538f35c5",
            "timeouts": null
          },
          "sensitive_attributes": [],
          "private": "eyJlMmJmYjczMC1lY2FhLTExZTYtOGY4OC0zNDM2M2JjN2M0YzAiOnsiY3JlYXRlIjozMDAwMDAwMDAwMDAsImRlbGV0ZSI6MzAwMDAwMDAwMDAwLCJ1cGRhdGUiOjEyMDAwMDAwMDAwMH19",
          "dependencies": [
            "module.vpc.aws_internet_gateway.main",
            "module.vpc.aws_route_table.public",
            "module.vpc.aws_subnet.management",
            "module.vpc.aws_vpc.main"
          ]
        }
      ]
    },
    {
      "module": "module.vpc",
      "mode": "managed",
      "type": "aws_subnet",
      "name": "application",
      "provider": "provider[\"registry.terraform.io/hashicorp/aws\"]",
      "instances": [
        {
          "index_key": 0,
          "schema_version": 1,
          "attributes": {
            "arn": "arn:aws:ec2:us-east-1:571600832077:subnet/subnet-0f9050dbed708de98",
            "assign_ipv6_address_on_creation": false,
            "availability_zone": "us-east-1a",
            "availability_zone_id": "use1-az1",
            "cidr_block": "10.1.11.0/24",
            "customer_owned_ipv4_pool": "",
            "enable_dns64": false,
            "enable_lni_at_device_index": 0,
            "enable_resource_name_dns_a_record_on_launch": false,
            "enable_resource_name_dns_aaaa_record_on_launch": false,
            "id": "subnet-0f9050dbed708de98",
            "ipv6_cidr_block": "",
            "ipv6_cidr_block_association_id": "",
            "ipv6_native": false,
            "map_customer_owned_ip_on_launch": false,
            "map_public_ip_on_launch": false,
            "outpost_arn": "",
            "owner_id": "571600832077",
            "private_dns_hostname_type_on_launch": "ip-name",
            "tags": {
              "Environment": "dev",
              "ManagedBy": "terraform",
              "Name": "coalfire-sre-challenge-app-subnet-1",
              "Owner": "sre-team",
              "Project": "coalfire-sre-challenge",
              "Purpose": "technical-challenge",
              "Type": "Application"
            },
            "tags_all": {
              "Environment": "dev",
              "ManagedBy": "terraform",
              "Name": "coalfire-sre-challenge-app-subnet-1",
              "Owner": "sre-team",
              "Project": "coalfire-sre-challenge",
              "Purpose": "technical-challenge",
              "Type": "Application"
            },
            "timeouts": null,
            "vpc_id": "vpc-0ec596dba2594f886"
          },
          "sensitive_attributes": [],
          "private": "eyJlMmJmYjczMC1lY2FhLTExZTYtOGY4OC0zNDM2M2JjN2M0YzAiOnsiY3JlYXRlIjo2MDAwMDAwMDAwMDAsImRlbGV0ZSI6MTIwMDAwMDAwMDAwMH0sInNjaGVtYV92ZXJzaW9uIjoiMSJ9",
          "dependencies": [
            "module.vpc.aws_vpc.main"
          ],
          "create_before_destroy": true
        },
        {
          "index_key": 1,
          "schema_version": 1,
          "attributes": {
            "arn": "arn:aws:ec2:us-east-1:571600832077:subnet/subnet-04d9ea5ca9f8e7251",
            "assign_ipv6_address_on_creation": false,
            "availability_zone": "us-east-1b",
            "availability_zone_id": "use1-az2",
            "cidr_block": "10.1.12.0/24",
            "customer_owned_ipv4_pool": "",
            "enable_dns64": false,
            "enable_lni_at_device_index": 0,
            "enable_resource_name_dns_a_record_on_launch": false,
            "enable_resource_name_dns_aaaa_record_on_launch": false,
            "id": "subnet-04d9ea5ca9f8e7251",
            "ipv6_cidr_block": "",
            "ipv6_cidr_block_association_id": "",
            "ipv6_native": false,
            "map_customer_owned_ip_on_launch": false,
            "map_public_ip_on_launch": false,
            "outpost_arn": "",
            "owner_id": "571600832077",
            "private_dns_hostname_type_on_launch": "ip-name",
            "tags": {
              "Environment": "dev",
              "ManagedBy": "terraform",
              "Name": "coalfire-sre-challenge-app-subnet-2",
              "Owner": "sre-team",
              "Project": "coalfire-sre-challenge",
              "Purpose": "technical-challenge",
              "Type": "Application"
            },
            "tags_all": {
              "Environment": "dev",
              "ManagedBy": "terraform",
              "Name": "coalfire-sre-challenge-app-subnet-2",
              "Owner": "sre-team",
              "Project": "coalfire-sre-challenge",
              "Purpose": "technical-challenge",
              "Type": "Application"
            },
            "timeouts": null,
            "vpc_id": "vpc-0ec596dba2594f886"
          },
          "sensitive_attributes": [],
          "private": "eyJlMmJmYjczMC1lY2FhLTExZTYtOGY4OC0zNDM2M2JjN2M0YzAiOnsiY3JlYXRlIjo2MDAwMDAwMDAwMDAsImRlbGV0ZSI6MTIwMDAwMDAwMDAwMH0sInNjaGVtYV92ZXJzaW9uIjoiMSJ9",
          "dependencies": [
            "module.vpc.aws_vpc.main"
          ],
          "create_before_destroy": true
        }
      ]
    },
    {
      "module": "module.vpc",
      "mode": "managed",
      "type": "aws_subnet",
      "name": "backend",
      "provider": "provider[\"registry.terraform.io/hashicorp/aws\"]",
      "instances": [
        {
          "index_key": 0,
          "schema_version": 1,
          "attributes": {
            "arn": "arn:aws:ec2:us-east-1:571600832077:subnet/subnet-01678f2688a314d3b",
            "assign_ipv6_address_on_creation": false,
            "availability_zone": "us-east-1a",
            "availability_zone_id": "use1-az1",
            "cidr_block": "10.1.21.0/24",
            "customer_owned_ipv4_pool": "",
            "enable_dns64": false,
            "enable_lni_at_device_index": 0,
            "enable_resource_name_dns_a_record_on_launch": false,
            "enable_resource_name_dns_aaaa_record_on_launch": false,
            "id": "subnet-01678f2688a314d3b",
            "ipv6_cidr_block": "",
            "ipv6_cidr_block_association_id": "",
            "ipv6_native": false,
            "map_customer_owned_ip_on_launch": false,
            "map_public_ip_on_launch": false,
            "outpost_arn": "",
            "owner_id": "571600832077",
            "private_dns_hostname_type_on_launch": "ip-name",
            "tags": {
              "Environment": "dev",
              "ManagedBy": "terraform",
              "Name": "coalfire-sre-challenge-backend-subnet-1",
              "Owner": "sre-team",
              "Project": "coalfire-sre-challenge",
              "Purpose": "technical-challenge",
              "Type": "Backend"
            },
            "tags_all": {
              "Environment": "dev",
              "ManagedBy": "terraform",
              "Name": "coalfire-sre-challenge-backend-subnet-1",
              "Owner": "sre-team",
              "Project": "coalfire-sre-challenge",
              "Purpose": "technical-challenge",
              "Type": "Backend"
            },
            "timeouts": null,
            "vpc_id": "vpc-0ec596dba2594f886"
          },
          "sensitive_attributes": [],
          "private": "eyJlMmJmYjczMC1lY2FhLTExZTYtOGY4OC0zNDM2M2JjN2M0YzAiOnsiY3JlYXRlIjo2MDAwMDAwMDAwMDAsImRlbGV0ZSI6MTIwMDAwMDAwMDAwMH0sInNjaGVtYV92ZXJzaW9uIjoiMSJ9",
          "dependencies": [
            "module.vpc.aws_vpc.main"
          ]
        },
        {
          "index_key": 1,
          "schema_version": 1,
          "attributes": {
            "arn": "arn:aws:ec2:us-east-1:571600832077:subnet/subnet-09ee6d00fd49490fd",
            "assign_ipv6_address_on_creation": false,
            "availability_zone": "us-east-1b",
            "availability_zone_id": "use1-az2",
            "cidr_block": "10.1.22.0/24",
            "customer_owned_ipv4_pool": "",
            "enable_dns64": false,
            "enable_lni_at_device_index": 0,
            "enable_resource_name_dns_a_record_on_launch": false,
            "enable_resource_name_dns_aaaa_record_on_launch": false,
            "id": "subnet-09ee6d00fd49490fd",
            "ipv6_cidr_block": "",
            "ipv6_cidr_block_association_id": "",
            "ipv6_native": false,
            "map_customer_owned_ip_on_launch": false,
            "map_public_ip_on_launch": false,
            "outpost_arn": "",
            "owner_id": "571600832077",
            "private_dns_hostname_type_on_launch": "ip-name",
            "tags": {
              "Environment": "dev",
              "ManagedBy": "terraform",
              "Name": "coalfire-sre-challenge-backend-subnet-2",
              "Owner": "sre-team",
              "Project": "coalfire-sre-challenge",
              "Purpose": "technical-challenge",
              "Type": "Backend"
            },
            "tags_all": {
              "Environment": "dev",
              "ManagedBy": "terraform",
              "Name": "coalfire-sre-challenge-backend-subnet-2",
              "Owner": "sre-team",
              "Project": "coalfire-sre-challenge",
              "Purpose": "technical-challenge",
              "Type": "Backend"
            },
            "timeouts": null,
            "vpc_id": "vpc-0ec596dba2594f886"
          },
          "sensitive_attributes": [],
          "private": "eyJlMmJmYjczMC1lY2FhLTExZTYtOGY4OC0zNDM2M2JjN2M0YzAiOnsiY3JlYXRlIjo2MDAwMDAwMDAwMDAsImRlbGV0ZSI6MTIwMDAwMDAwMDAwMH0sInNjaGVtYV92ZXJzaW9uIjoiMSJ9",
          "dependencies": [
            "module.vpc.aws_vpc.main"
          ]
        }
      ]
    },
    {
      "module": "module.vpc",
      "mode": "managed",
      "type": "aws_subnet",
      "name": "management",
      "provider": "provider[\"registry.terraform.io/hashicorp/aws\"]",
      "instances": [
        {
          "index_key": 0,
          "schema_version": 1,
          "attributes": {
            "arn": "arn:aws:ec2:us-east-1:571600832077:subnet/subnet-0a91fc1a5e5a49b8d",
            "assign_ipv6_address_on_creation": false,
            "availability_zone": "us-east-1a",
            "availability_zone_id": "use1-az1",
            "cidr_block": "10.1.1.0/24",
            "customer_owned_ipv4_pool": "",
            "enable_dns64": false,
            "enable_lni_at_device_index": 0,
            "enable_resource_name_dns_a_record_on_launch": false,
            "enable_resource_name_dns_aaaa_record_on_launch": false,
            "id": "subnet-0a91fc1a5e5a49b8d",
            "ipv6_cidr_block": "",
            "ipv6_cidr_block_association_id": "",
            "ipv6_native": false,
            "map_customer_owned_ip_on_launch": false,
            "map_public_ip_on_launch": true,
            "outpost_arn": "",
            "owner_id": "571600832077",
            "private_dns_hostname_type_on_launch": "ip-name",
            "tags": {
              "Environment": "dev",
              "ManagedBy": "terraform",
              "Name": "coalfire-sre-challenge-mgmt-subnet-1",
              "Owner": "sre-team",
              "Project": "coalfire-sre-challenge",
              "Purpose": "technical-challenge",
              "Type": "Management"
            },
            "tags_all": {
              "Environment": "dev",
              "ManagedBy": "terraform",
              "Name": "coalfire-sre-challenge-mgmt-subnet-1",
              "Owner": "sre-team",
              "Project": "coalfire-sre-challenge",
              "Purpose": "technical-challenge",
              "Type": "Management"
            },
            "timeouts": null,
            "vpc_id": "vpc-0ec596dba2594f886"
          },
          "sensitive_attributes": [],
          "private": "eyJlMmJmYjczMC1lY2FhLTExZTYtOGY4OC0zNDM2M2JjN2M0YzAiOnsiY3JlYXRlIjo2MDAwMDAwMDAwMDAsImRlbGV0ZSI6MTIwMDAwMDAwMDAwMH0sInNjaGVtYV92ZXJzaW9uIjoiMSJ9",
          "dependencies": [
            "module.vpc.aws_vpc.main"
          ],
          "create_before_destroy": true
        },
        {
          "index_key": 1,
          "schema_version": 1,
          "attributes": {
            "arn": "arn:aws:ec2:us-east-1:571600832077:subnet/subnet-00be8b4e7538f35c5",
            "assign_ipv6_address_on_creation": false,
            "availability_zone": "us-east-1b",
            "availability_zone_id": "use1-az2",
            "cidr_block": "10.1.2.0/24",
            "customer_owned_ipv4_pool": "",
            "enable_dns64": false,
            "enable_lni_at_device_index": 0,
            "enable_resource_name_dns_a_record_on_launch": false,
            "enable_resource_name_dns_aaaa_record_on_launch": false,
            "id": "subnet-00be8b4e7538f35c5",
            "ipv6_cidr_block": "",
            "ipv6_cidr_block_association_id": "",
            "ipv6_native": false,
            "map_customer_owned_ip_on_launch": false,
            "map_public_ip_on_launch": true,
            "outpost_arn": "",
            "owner_id": "571600832077",
            "private_dns_hostname_type_on_launch": "ip-name",
            "tags": {
              "Environment": "dev",
              "ManagedBy": "terraform",
              "Name": "coalfire-sre-challenge-mgmt-subnet-2",
              "Owner": "sre-team",
              "Project": "coalfire-sre-challenge",
              "Purpose": "technical-challenge",
              "Type": "Management"
            },
            "tags_all": {
              "Environment": "dev",
              "ManagedBy": "terraform",
              "Name": "coalfire-sre-challenge-mgmt-subnet-2",
              "Owner": "sre-team",
              "Project": "coalfire-sre-challenge",
              "Purpose": "technical-challenge",
              "Type": "Management"
            },
            "timeouts": null,
            "vpc_id": "vpc-0ec596dba2594f886"
          },
          "sensitive_attributes": [],
          "private": "eyJlMmJmYjczMC1lY2FhLTExZTYtOGY4OC0zNDM2M2JjN2M0YzAiOnsiY3JlYXRlIjo2MDAwMDAwMDAwMDAsImRlbGV0ZSI6MTIwMDAwMDAwMDAwMH0sInNjaGVtYV92ZXJzaW9uIjoiMSJ9",
          "dependencies": [
            "module.vpc.aws_vpc.main"
          ],
          "create_before_destroy": true
        }
      ]
    },
    {
      "module": "module.vpc",
      "mode": "managed",
      "type": "aws_vpc",
      "name": "main",
      "provider": "provider[\"registry.terraform.io/hashicorp/aws\"]",
      "instances": [
        {
          "schema_version": 1,
          "attributes": {
            "arn": "arn:aws:ec2:us-east-1:571600832077:vpc/vpc-0ec596dba2594f886",
            "assign_generated_ipv6_cidr_block": false,
            "cidr_block": "10.1.0.0/16",
            "default_network_acl_id": "acl-0b465b2801a4a2cc9",
            "default_route_table_id": "rtb-07b0084467b39e4d9",
            "default_security_group_id": "sg-0ce1986569cf451d9",
            "dhcp_options_id": "dopt-0dae0b5a7f03d12d1",
            "enable_dns_hostnames": true,
            "enable_dns_support": true,
            "enable_network_address_usage_metrics": false,
            "id": "vpc-0ec596dba2594f886",
            "instance_tenancy": "default",
            "ipv4_ipam_pool_id": null,
            "ipv4_netmask_length": null,
            "ipv6_association_id": "",
            "ipv6_cidr_block": "",
            "ipv6_cidr_block_network_border_group": "",
            "ipv6_ipam_pool_id": "",
            "ipv6_netmask_length": 0,
            "main_route_table_id": "rtb-07b0084467b39e4d9",
            "owner_id": "571600832077",
            "tags": {
              "Environment": "dev",
              "ManagedBy": "terraform",
              "Name": "coalfire-sre-challenge-vpc",
              "Owner": "sre-team",
              "Project": "coalfire-sre-challenge",
              "Purpose": "technical-challenge"
            },
            "tags_all": {
              "Environment": "dev",
              "ManagedBy": "terraform",
              "Name": "coalfire-sre-challenge-vpc",
              "Owner": "sre-team",
              "Project": "coalfire-sre-challenge",
              "Purpose": "technical-challenge"
            }
          },
          "sensitive_attributes": [],
          "private": "eyJzY2hlbWFfdmVyc2lvbiI6IjEifQ==",
          "create_before_destroy": true
        }
      ]
    }
  ],
  "check_results": null
}
